// !$*UTF8*$!
{
	archiveVersion = 1;
	classes = {
	};
	objectVersion = 55;
	objects = {

/* Begin PBXBuildFile section */
		55342A7926FF070B002F5354 /* HomeTabBarViewController.swift in Sources */ = {isa = PBXBuildFile; fileRef = 55342A7726FF070B002F5354 /* HomeTabBarViewController.swift */; };
		55342A7A26FF070B002F5354 /* HomeTabBarViewController.xib in Resources */ = {isa = PBXBuildFile; fileRef = 55342A7826FF070B002F5354 /* HomeTabBarViewController.xib */; };
		55342A7C26FF0CE9002F5354 /* ListaMesesCoordinator.swift in Sources */ = {isa = PBXBuildFile; fileRef = 55342A7B26FF0CE9002F5354 /* ListaMesesCoordinator.swift */; };
		55342A8226FF0F91002F5354 /* CochesCell.swift in Sources */ = {isa = PBXBuildFile; fileRef = 55342A8026FF0F91002F5354 /* CochesCell.swift */; };
		55342A8326FF0F91002F5354 /* CochesCell.xib in Resources */ = {isa = PBXBuildFile; fileRef = 55342A8126FF0F91002F5354 /* CochesCell.xib */; };
		555F9F9C26FF03AD0036E0F3 /* CochesModel.swift in Sources */ = {isa = PBXBuildFile; fileRef = 555F9F9B26FF03AD0036E0F3 /* CochesModel.swift */; };
		555F9F9F26FF05BF0036E0F3 /* ListaCochesViewController.swift in Sources */ = {isa = PBXBuildFile; fileRef = 555F9F9E26FF05BF0036E0F3 /* ListaCochesViewController.swift */; };
		555F9FA126FF05FE0036E0F3 /* ListaCochesViewController.xib in Resources */ = {isa = PBXBuildFile; fileRef = 555F9FA026FF05FE0036E0F3 /* ListaCochesViewController.xib */; };
		5585FBE926FE4A4B005952E1 /* AppDelegate.swift in Sources */ = {isa = PBXBuildFile; fileRef = 5585FBE826FE4A4B005952E1 /* AppDelegate.swift */; };
		5585FBF226FE4A4D005952E1 /* Assets.xcassets in Resources */ = {isa = PBXBuildFile; fileRef = 5585FBF126FE4A4D005952E1 /* Assets.xcassets */; };
		5585FBF526FE4A4D005952E1 /* LaunchScreen.storyboard in Resources */ = {isa = PBXBuildFile; fileRef = 5585FBF326FE4A4D005952E1 /* LaunchScreen.storyboard */; };
		5585FBFF26FE4BB1005952E1 /* AppCoreCoordinator.swift in Sources */ = {isa = PBXBuildFile; fileRef = 5585FBFE26FE4BB1005952E1 /* AppCoreCoordinator.swift */; };
		5585FC0326FE4DE6005952E1 /* ListaMesesViewController.swift in Sources */ = {isa = PBXBuildFile; fileRef = 5585FC0126FE4DE6005952E1 /* ListaMesesViewController.swift */; };
		5585FC0426FE4DE6005952E1 /* ListaMesesViewController.xib in Resources */ = {isa = PBXBuildFile; fileRef = 5585FC0226FE4DE6005952E1 /* ListaMesesViewController.xib */; };
		5585FC0826FE509A005952E1 /* MesesTableViewCell.swift in Sources */ = {isa = PBXBuildFile; fileRef = 5585FC0626FE509A005952E1 /* MesesTableViewCell.swift */; };
		5585FC0926FE509A005952E1 /* MesesTableViewCell.xib in Resources */ = {isa = PBXBuildFile; fileRef = 5585FC0726FE509A005952E1 /* MesesTableViewCell.xib */; };
		5585FC0C26FE567E005952E1 /* Utils.swift in Sources */ = {isa = PBXBuildFile; fileRef = 5585FC0B26FE567E005952E1 /* Utils.swift */; };
		55861FCD26FF19C20079D007 /* ListaCochesCoordinator.swift in Sources */ = {isa = PBXBuildFile; fileRef = 55861FCC26FF19C20079D007 /* ListaCochesCoordinator.swift */; };
		55861FD126FF1AC00079D007 /* DetalleListaMesesViewController.swift in Sources */ = {isa = PBXBuildFile; fileRef = 55861FCF26FF1AC00079D007 /* DetalleListaMesesViewController.swift */; };
		55861FD226FF1AC00079D007 /* DetalleListaMesesViewController.xib in Resources */ = {isa = PBXBuildFile; fileRef = 55861FD026FF1AC00079D007 /* DetalleListaMesesViewController.xib */; };
		55861FD426FF25090079D007 /* HomeTabBarCoordinator.swift in Sources */ = {isa = PBXBuildFile; fileRef = 55861FD326FF25090079D007 /* HomeTabBarCoordinator.swift */; };
		55861FD826FF276B0079D007 /* PerfilViewController.swift in Sources */ = {isa = PBXBuildFile; fileRef = 55861FD626FF276B0079D007 /* PerfilViewController.swift */; };
		55861FD926FF276B0079D007 /* PerfilViewController.xib in Resources */ = {isa = PBXBuildFile; fileRef = 55861FD726FF276B0079D007 /* PerfilViewController.xib */; };
		55861FDB26FF27D90079D007 /* PerfilViewCoordinator.swift in Sources */ = {isa = PBXBuildFile; fileRef = 55861FDA26FF27D90079D007 /* PerfilViewCoordinator.swift */; };
		55861FE126FF2BB00079D007 /* PerfilCell.swift in Sources */ = {isa = PBXBuildFile; fileRef = 55861FDF26FF2BB00079D007 /* PerfilCell.swift */; };
		55861FE226FF2BB00079D007 /* PerfilCell.xib in Resources */ = {isa = PBXBuildFile; fileRef = 55861FE026FF2BB00079D007 /* PerfilCell.xib */; };
		55861FE526FF2BD40079D007 /* PostCell.swift in Sources */ = {isa = PBXBuildFile; fileRef = 55861FE326FF2BD40079D007 /* PostCell.swift */; };
		55861FE626FF2BD40079D007 /* PostCell.xib in Resources */ = {isa = PBXBuildFile; fileRef = 55861FE426FF2BD40079D007 /* PostCell.xib */; };
		55CF109C27075F4000EFDFD1 /* UserData.swift in Sources */ = {isa = PBXBuildFile; fileRef = 55CF109B27075F4000EFDFD1 /* UserData.swift */; };
		55CF109E27076B1200EFDFD1 /* UserCellData.swift in Sources */ = {isa = PBXBuildFile; fileRef = 55CF109D27076B1200EFDFD1 /* UserCellData.swift */; };
/* End PBXBuildFile section */

/* Begin PBXFileReference section */
		55342A7726FF070B002F5354 /* HomeTabBarViewController.swift */ = {isa = PBXFileReference; lastKnownFileType = sourcecode.swift; path = HomeTabBarViewController.swift; sourceTree = "<group>"; };
		55342A7826FF070B002F5354 /* HomeTabBarViewController.xib */ = {isa = PBXFileReference; lastKnownFileType = file.xib; path = HomeTabBarViewController.xib; sourceTree = "<group>"; };
		55342A7B26FF0CE9002F5354 /* ListaMesesCoordinator.swift */ = {isa = PBXFileReference; lastKnownFileType = sourcecode.swift; path = ListaMesesCoordinator.swift; sourceTree = "<group>"; };
		55342A8026FF0F91002F5354 /* CochesCell.swift */ = {isa = PBXFileReference; lastKnownFileType = sourcecode.swift; path = CochesCell.swift; sourceTree = "<group>"; };
		55342A8126FF0F91002F5354 /* CochesCell.xib */ = {isa = PBXFileReference; lastKnownFileType = file.xib; path = CochesCell.xib; sourceTree = "<group>"; };
		555F9F9B26FF03AD0036E0F3 /* CochesModel.swift */ = {isa = PBXFileReference; lastKnownFileType = sourcecode.swift; path = CochesModel.swift; sourceTree = "<group>"; };
		555F9F9E26FF05BF0036E0F3 /* ListaCochesViewController.swift */ = {isa = PBXFileReference; lastKnownFileType = sourcecode.swift; path = ListaCochesViewController.swift; sourceTree = "<group>"; };
		555F9FA026FF05FE0036E0F3 /* ListaCochesViewController.xib */ = {isa = PBXFileReference; lastKnownFileType = file.xib; path = ListaCochesViewController.xib; sourceTree = "<group>"; };
		5585FBE526FE4A4B005952E1 /* AppTableViewIntro_Retro.app */ = {isa = PBXFileReference; explicitFileType = wrapper.application; includeInIndex = 0; path = AppTableViewIntro_Retro.app; sourceTree = BUILT_PRODUCTS_DIR; };
		5585FBE826FE4A4B005952E1 /* AppDelegate.swift */ = {isa = PBXFileReference; lastKnownFileType = sourcecode.swift; path = AppDelegate.swift; sourceTree = "<group>"; };
		5585FBF126FE4A4D005952E1 /* Assets.xcassets */ = {isa = PBXFileReference; lastKnownFileType = folder.assetcatalog; path = Assets.xcassets; sourceTree = "<group>"; };
		5585FBF426FE4A4D005952E1 /* Base */ = {isa = PBXFileReference; lastKnownFileType = file.storyboard; name = Base; path = Base.lproj/LaunchScreen.storyboard; sourceTree = "<group>"; };
		5585FBF626FE4A4D005952E1 /* Info.plist */ = {isa = PBXFileReference; lastKnownFileType = text.plist.xml; path = Info.plist; sourceTree = "<group>"; };
		5585FBFE26FE4BB1005952E1 /* AppCoreCoordinator.swift */ = {isa = PBXFileReference; lastKnownFileType = sourcecode.swift; path = AppCoreCoordinator.swift; sourceTree = "<group>"; };
		5585FC0126FE4DE6005952E1 /* ListaMesesViewController.swift */ = {isa = PBXFileReference; lastKnownFileType = sourcecode.swift; path = ListaMesesViewController.swift; sourceTree = "<group>"; };
		5585FC0226FE4DE6005952E1 /* ListaMesesViewController.xib */ = {isa = PBXFileReference; lastKnownFileType = file.xib; path = ListaMesesViewController.xib; sourceTree = "<group>"; };
		5585FC0626FE509A005952E1 /* MesesTableViewCell.swift */ = {isa = PBXFileReference; lastKnownFileType = sourcecode.swift; path = MesesTableViewCell.swift; sourceTree = "<group>"; };
		5585FC0726FE509A005952E1 /* MesesTableViewCell.xib */ = {isa = PBXFileReference; lastKnownFileType = file.xib; path = MesesTableViewCell.xib; sourceTree = "<group>"; };
		5585FC0B26FE567E005952E1 /* Utils.swift */ = {isa = PBXFileReference; lastKnownFileType = sourcecode.swift; path = Utils.swift; sourceTree = "<group>"; };
		55861FCC26FF19C20079D007 /* ListaCochesCoordinator.swift */ = {isa = PBXFileReference; lastKnownFileType = sourcecode.swift; path = ListaCochesCoordinator.swift; sourceTree = "<group>"; };
		55861FCF26FF1AC00079D007 /* DetalleListaMesesViewController.swift */ = {isa = PBXFileReference; lastKnownFileType = sourcecode.swift; path = DetalleListaMesesViewController.swift; sourceTree = "<group>"; };
		55861FD026FF1AC00079D007 /* DetalleListaMesesViewController.xib */ = {isa = PBXFileReference; lastKnownFileType = file.xib; path = DetalleListaMesesViewController.xib; sourceTree = "<group>"; };
		55861FD326FF25090079D007 /* HomeTabBarCoordinator.swift */ = {isa = PBXFileReference; lastKnownFileType = sourcecode.swift; path = HomeTabBarCoordinator.swift; sourceTree = "<group>"; };
		55861FD626FF276B0079D007 /* PerfilViewController.swift */ = {isa = PBXFileReference; lastKnownFileType = sourcecode.swift; path = PerfilViewController.swift; sourceTree = "<group>"; };
		55861FD726FF276B0079D007 /* PerfilViewController.xib */ = {isa = PBXFileReference; lastKnownFileType = file.xib; path = PerfilViewController.xib; sourceTree = "<group>"; };
		55861FDA26FF27D90079D007 /* PerfilViewCoordinator.swift */ = {isa = PBXFileReference; lastKnownFileType = sourcecode.swift; path = PerfilViewCoordinator.swift; sourceTree = "<group>"; };
		55861FDF26FF2BB00079D007 /* PerfilCell.swift */ = {isa = PBXFileReference; lastKnownFileType = sourcecode.swift; path = PerfilCell.swift; sourceTree = "<group>"; };
		55861FE026FF2BB00079D007 /* PerfilCell.xib */ = {isa = PBXFileReference; lastKnownFileType = file.xib; path = PerfilCell.xib; sourceTree = "<group>"; };
		55861FE326FF2BD40079D007 /* PostCell.swift */ = {isa = PBXFileReference; lastKnownFileType = sourcecode.swift; path = PostCell.swift; sourceTree = "<group>"; };
		55861FE426FF2BD40079D007 /* PostCell.xib */ = {isa = PBXFileReference; lastKnownFileType = file.xib; path = PostCell.xib; sourceTree = "<group>"; };
		55CF109B27075F4000EFDFD1 /* UserData.swift */ = {isa = PBXFileReference; lastKnownFileType = sourcecode.swift; path = UserData.swift; sourceTree = "<group>"; };
		55CF109D27076B1200EFDFD1 /* UserCellData.swift */ = {isa = PBXFileReference; lastKnownFileType = sourcecode.swift; path = UserCellData.swift; sourceTree = "<group>"; };
/* End PBXFileReference section */

/* Begin PBXFrameworksBuildPhase section */
		5585FBE226FE4A4B005952E1 /* Frameworks */ = {
			isa = PBXFrameworksBuildPhase;
			buildActionMask = 2147483647;
			files = (
			);
			runOnlyForDeploymentPostprocessing = 0;
		};
/* End PBXFrameworksBuildPhase section */

/* Begin PBXGroup section */
		55342A7626FF06D6002F5354 /* HomeTabBarView */ = {
			isa = PBXGroup;
			children = (
				55342A7726FF070B002F5354 /* HomeTabBarViewController.swift */,
				55342A7826FF070B002F5354 /* HomeTabBarViewController.xib */,
				55861FD326FF25090079D007 /* HomeTabBarCoordinator.swift */,
			);
			path = HomeTabBarView;
			sourceTree = "<group>";
		};
		55342A7F26FF0F72002F5354 /* Cell */ = {
			isa = PBXGroup;
			children = (
				55342A8026FF0F91002F5354 /* CochesCell.swift */,
				55342A8126FF0F91002F5354 /* CochesCell.xib */,
			);
			path = Cell;
			sourceTree = "<group>";
		};
		555F9F9A26FF034F0036E0F3 /* Models */ = {
			isa = PBXGroup;
			children = (
				555F9F9B26FF03AD0036E0F3 /* CochesModel.swift */,
				55CF109B27075F4000EFDFD1 /* UserData.swift */,
				55CF109D27076B1200EFDFD1 /* UserCellData.swift */,
			);
			path = Models;
			sourceTree = "<group>";
		};
		555F9F9D26FF058D0036E0F3 /* CochesListaView */ = {
			isa = PBXGroup;
			children = (
				55342A7F26FF0F72002F5354 /* Cell */,
				555F9F9E26FF05BF0036E0F3 /* ListaCochesViewController.swift */,
				555F9FA026FF05FE0036E0F3 /* ListaCochesViewController.xib */,
				55861FCC26FF19C20079D007 /* ListaCochesCoordinator.swift */,
			);
			path = CochesListaView;
			sourceTree = "<group>";
		};
		5585FBDC26FE4A4B005952E1 = {
			isa = PBXGroup;
			children = (
				5585FBE726FE4A4B005952E1 /* AppTableViewIntro_Retro */,
				5585FBE626FE4A4B005952E1 /* Products */,
			);
			sourceTree = "<group>";
		};
		5585FBE626FE4A4B005952E1 /* Products */ = {
			isa = PBXGroup;
			children = (
				5585FBE526FE4A4B005952E1 /* AppTableViewIntro_Retro.app */,
			);
			name = Products;
			sourceTree = "<group>";
		};
		5585FBE726FE4A4B005952E1 /* AppTableViewIntro_Retro */ = {
			isa = PBXGroup;
			children = (
				555F9F9A26FF034F0036E0F3 /* Models */,
				5585FC0A26FE566F005952E1 /* Utils */,
				5585FBFD26FE4AB4005952E1 /* Core */,
				5585FBFC26FE4AA9005952E1 /* Modules */,
				5585FBF126FE4A4D005952E1 /* Assets.xcassets */,
				5585FBF326FE4A4D005952E1 /* LaunchScreen.storyboard */,
				5585FBF626FE4A4D005952E1 /* Info.plist */,
			);
			path = AppTableViewIntro_Retro;
			sourceTree = "<group>";
		};
		5585FBFC26FE4AA9005952E1 /* Modules */ = {
			isa = PBXGroup;
			children = (
				5585FC0026FE4DC2005952E1 /* Sections */,
			);
			path = Modules;
			sourceTree = "<group>";
		};
		5585FBFD26FE4AB4005952E1 /* Core */ = {
			isa = PBXGroup;
			children = (
				5585FBE826FE4A4B005952E1 /* AppDelegate.swift */,
				5585FBFE26FE4BB1005952E1 /* AppCoreCoordinator.swift */,
			);
			path = Core;
			sourceTree = "<group>";
		};
		5585FC0026FE4DC2005952E1 /* Sections */ = {
			isa = PBXGroup;
			children = (
				55861FD526FF275D0079D007 /* PerfilView */,
				55861FCE26FF1AA60079D007 /* DetallesListaMesesView */,
				55861FCB26FF18C10079D007 /* ListaView */,
				55342A7626FF06D6002F5354 /* HomeTabBarView */,
				555F9F9D26FF058D0036E0F3 /* CochesListaView */,
			);
			path = Sections;
			sourceTree = "<group>";
		};
		5585FC0526FE5077005952E1 /* Cells */ = {
			isa = PBXGroup;
			children = (
				5585FC0626FE509A005952E1 /* MesesTableViewCell.swift */,
				5585FC0726FE509A005952E1 /* MesesTableViewCell.xib */,
			);
			path = Cells;
			sourceTree = "<group>";
		};
		5585FC0A26FE566F005952E1 /* Utils */ = {
			isa = PBXGroup;
			children = (
				5585FC0B26FE567E005952E1 /* Utils.swift */,
			);
			path = Utils;
			sourceTree = "<group>";
		};
		55861FCB26FF18C10079D007 /* ListaView */ = {
			isa = PBXGroup;
			children = (
				5585FC0526FE5077005952E1 /* Cells */,
				5585FC0126FE4DE6005952E1 /* ListaMesesViewController.swift */,
				55342A7B26FF0CE9002F5354 /* ListaMesesCoordinator.swift */,
				5585FC0226FE4DE6005952E1 /* ListaMesesViewController.xib */,
			);
			path = ListaView;
			sourceTree = "<group>";
		};
		55861FCE26FF1AA60079D007 /* DetallesListaMesesView */ = {
			isa = PBXGroup;
			children = (
				55861FCF26FF1AC00079D007 /* DetalleListaMesesViewController.swift */,
				55861FD026FF1AC00079D007 /* DetalleListaMesesViewController.xib */,
			);
			path = DetallesListaMesesView;
			sourceTree = "<group>";
		};
		55861FD526FF275D0079D007 /* PerfilView */ = {
			isa = PBXGroup;
			children = (
				55861FDC26FF2B770079D007 /* Cell */,
				55861FD626FF276B0079D007 /* PerfilViewController.swift */,
				55861FDA26FF27D90079D007 /* PerfilViewCoordinator.swift */,
				55861FD726FF276B0079D007 /* PerfilViewController.xib */,
			);
			path = PerfilView;
			sourceTree = "<group>";
		};
		55861FDC26FF2B770079D007 /* Cell */ = {
			isa = PBXGroup;
			children = (
				55861FDF26FF2BB00079D007 /* PerfilCell.swift */,
				55861FE026FF2BB00079D007 /* PerfilCell.xib */,
				55861FE326FF2BD40079D007 /* PostCell.swift */,
				55861FE426FF2BD40079D007 /* PostCell.xib */,
			);
			path = Cell;
			sourceTree = "<group>";
		};
/* End PBXGroup section */

/* Begin PBXNativeTarget section */
		5585FBE426FE4A4B005952E1 /* AppTableViewIntro_Retro */ = {
			isa = PBXNativeTarget;
			buildConfigurationList = 5585FBF926FE4A4D005952E1 /* Build configuration list for PBXNativeTarget "AppTableViewIntro_Retro" */;
			buildPhases = (
				5585FBE126FE4A4B005952E1 /* Sources */,
				5585FBE226FE4A4B005952E1 /* Frameworks */,
				5585FBE326FE4A4B005952E1 /* Resources */,
			);
			buildRules = (
			);
			dependencies = (
			);
			name = AppTableViewIntro_Retro;
			productName = AppTableViewIntro_Retro;
			productReference = 5585FBE526FE4A4B005952E1 /* AppTableViewIntro_Retro.app */;
			productType = "com.apple.product-type.application";
		};
/* End PBXNativeTarget section */

/* Begin PBXProject section */
		5585FBDD26FE4A4B005952E1 /* Project object */ = {
			isa = PBXProject;
			attributes = {
				BuildIndependentTargetsInParallel = 1;
				LastSwiftUpdateCheck = 1300;
				LastUpgradeCheck = 1300;
				TargetAttributes = {
					5585FBE426FE4A4B005952E1 = {
						CreatedOnToolsVersion = 13.0;
					};
				};
			};
			buildConfigurationList = 5585FBE026FE4A4B005952E1 /* Build configuration list for PBXProject "AppTableViewIntro_Retro" */;
			compatibilityVersion = "Xcode 13.0";
			developmentRegion = en;
			hasScannedForEncodings = 0;
			knownRegions = (
				en,
				Base,
			);
			mainGroup = 5585FBDC26FE4A4B005952E1;
			productRefGroup = 5585FBE626FE4A4B005952E1 /* Products */;
			projectDirPath = "";
			projectRoot = "";
			targets = (
				5585FBE426FE4A4B005952E1 /* AppTableViewIntro_Retro */,
			);
		};
/* End PBXProject section */

/* Begin PBXResourcesBuildPhase section */
		5585FBE326FE4A4B005952E1 /* Resources */ = {
			isa = PBXResourcesBuildPhase;
			buildActionMask = 2147483647;
			files = (
				55861FD226FF1AC00079D007 /* DetalleListaMesesViewController.xib in Resources */,
				55861FD926FF276B0079D007 /* PerfilViewController.xib in Resources */,
				5585FBF526FE4A4D005952E1 /* LaunchScreen.storyboard in Resources */,
				55342A7A26FF070B002F5354 /* HomeTabBarViewController.xib in Resources */,
				5585FBF226FE4A4D005952E1 /* Assets.xcassets in Resources */,
				55861FE226FF2BB00079D007 /* PerfilCell.xib in Resources */,
				5585FC0426FE4DE6005952E1 /* ListaMesesViewController.xib in Resources */,
				55342A8326FF0F91002F5354 /* CochesCell.xib in Resources */,
				555F9FA126FF05FE0036E0F3 /* ListaCochesViewController.xib in Resources */,
				55861FE626FF2BD40079D007 /* PostCell.xib in Resources */,
				5585FC0926FE509A005952E1 /* MesesTableViewCell.xib in Resources */,
			);
			runOnlyForDeploymentPostprocessing = 0;
		};
/* End PBXResourcesBuildPhase section */

/* Begin PBXSourcesBuildPhase section */
		5585FBE126FE4A4B005952E1 /* Sources */ = {
			isa = PBXSourcesBuildPhase;
			buildActionMask = 2147483647;
			files = (
				55861FE526FF2BD40079D007 /* PostCell.swift in Sources */,
				55861FD426FF25090079D007 /* HomeTabBarCoordinator.swift in Sources */,
				555F9F9C26FF03AD0036E0F3 /* CochesModel.swift in Sources */,
				5585FC0C26FE567E005952E1 /* Utils.swift in Sources */,
				55861FDB26FF27D90079D007 /* PerfilViewCoordinator.swift in Sources */,
				5585FBE926FE4A4B005952E1 /* AppDelegate.swift in Sources */,
				5585FC0326FE4DE6005952E1 /* ListaMesesViewController.swift in Sources */,
				55861FD126FF1AC00079D007 /* DetalleListaMesesViewController.swift in Sources */,
				55342A8226FF0F91002F5354 /* CochesCell.swift in Sources */,
				5585FBFF26FE4BB1005952E1 /* AppCoreCoordinator.swift in Sources */,
				55342A7926FF070B002F5354 /* HomeTabBarViewController.swift in Sources */,
				5585FC0826FE509A005952E1 /* MesesTableViewCell.swift in Sources */,
				55CF109C27075F4000EFDFD1 /* UserData.swift in Sources */,
				55861FCD26FF19C20079D007 /* ListaCochesCoordinator.swift in Sources */,
				55CF109E27076B1200EFDFD1 /* UserCellData.swift in Sources */,
				555F9F9F26FF05BF0036E0F3 /* ListaCochesViewController.swift in Sources */,
				55861FE126FF2BB00079D007 /* PerfilCell.swift in Sources */,
				55861FD826FF276B0079D007 /* PerfilViewController.swift in Sources */,
				55342A7C26FF0CE9002F5354 /* ListaMesesCoordinator.swift in Sources */,
			);
			runOnlyForDeploymentPostprocessing = 0;
		};
/* End PBXSourcesBuildPhase section */

/* Begin PBXVariantGroup section */
		5585FBF326FE4A4D005952E1 /* LaunchScreen.storyboard */ = {
			isa = PBXVariantGroup;
			children = (
				5585FBF426FE4A4D005952E1 /* Base */,
			);
			name = LaunchScreen.storyboard;
			sourceTree = "<group>";
		};
/* End PBXVariantGroup section */

/* Begin XCBuildConfiguration section */
		5585FBF726FE4A4D005952E1 /* Debug */ = {
			isa = XCBuildConfiguration;
			buildSettings = {
				ALWAYS_SEARCH_USER_PATHS = NO;
				CLANG_ANALYZER_NONNULL = YES;
				CLANG_ANALYZER_NUMBER_OBJECT_CONVERSION = YES_AGGRESSIVE;
				CLANG_CXX_LANGUAGE_STANDARD = "gnu++17";
				CLANG_CXX_LIBRARY = "libc++";
				CLANG_ENABLE_MODULES = YES;
				CLANG_ENABLE_OBJC_ARC = YES;
				CLANG_ENABLE_OBJC_WEAK = YES;
				CLANG_WARN_BLOCK_CAPTURE_AUTORELEASING = YES;
				CLANG_WARN_BOOL_CONVERSION = YES;
				CLANG_WARN_COMMA = YES;
				CLANG_WARN_CONSTANT_CONVERSION = YES;
				CLANG_WARN_DEPRECATED_OBJC_IMPLEMENTATIONS = YES;
				CLANG_WARN_DIRECT_OBJC_ISA_USAGE = YES_ERROR;
				CLANG_WARN_DOCUMENTATION_COMMENTS = YES;
				CLANG_WARN_EMPTY_BODY = YES;
				CLANG_WARN_ENUM_CONVERSION = YES;
				CLANG_WARN_INFINITE_RECURSION = YES;
				CLANG_WARN_INT_CONVERSION = YES;
				CLANG_WARN_NON_LITERAL_NULL_CONVERSION = YES;
				CLANG_WARN_OBJC_IMPLICIT_RETAIN_SELF = YES;
				CLANG_WARN_OBJC_LITERAL_CONVERSION = YES;
				CLANG_WARN_OBJC_ROOT_CLASS = YES_ERROR;
				CLANG_WARN_QUOTED_INCLUDE_IN_FRAMEWORK_HEADER = YES;
				CLANG_WARN_RANGE_LOOP_ANALYSIS = YES;
				CLANG_WARN_STRICT_PROTOTYPES = YES;
				CLANG_WARN_SUSPICIOUS_MOVE = YES;
				CLANG_WARN_UNGUARDED_AVAILABILITY = YES_AGGRESSIVE;
				CLANG_WARN_UNREACHABLE_CODE = YES;
				CLANG_WARN__DUPLICATE_METHOD_MATCH = YES;
				COPY_PHASE_STRIP = NO;
				DEBUG_INFORMATION_FORMAT = dwarf;
				ENABLE_STRICT_OBJC_MSGSEND = YES;
				ENABLE_TESTABILITY = YES;
				GCC_C_LANGUAGE_STANDARD = gnu11;
				GCC_DYNAMIC_NO_PIC = NO;
				GCC_NO_COMMON_BLOCKS = YES;
				GCC_OPTIMIZATION_LEVEL = 0;
				GCC_PREPROCESSOR_DEFINITIONS = (
					"DEBUG=1",
					"$(inherited)",
				);
				GCC_WARN_64_TO_32_BIT_CONVERSION = YES;
				GCC_WARN_ABOUT_RETURN_TYPE = YES_ERROR;
				GCC_WARN_UNDECLARED_SELECTOR = YES;
				GCC_WARN_UNINITIALIZED_AUTOS = YES_AGGRESSIVE;
				GCC_WARN_UNUSED_FUNCTION = YES;
				GCC_WARN_UNUSED_VARIABLE = YES;
				IPHONEOS_DEPLOYMENT_TARGET = 15.0;
				MTL_ENABLE_DEBUG_INFO = INCLUDE_SOURCE;
				MTL_FAST_MATH = YES;
				ONLY_ACTIVE_ARCH = YES;
				SDKROOT = iphoneos;
				SWIFT_ACTIVE_COMPILATION_CONDITIONS = DEBUG;
				SWIFT_OPTIMIZATION_LEVEL = "-Onone";
			};
			name = Debug;
		};
		5585FBF826FE4A4D005952E1 /* Release */ = {
			isa = XCBuildConfiguration;
			buildSettings = {
				ALWAYS_SEARCH_USER_PATHS = NO;
				CLANG_ANALYZER_NONNULL = YES;
				CLANG_ANALYZER_NUMBER_OBJECT_CONVERSION = YES_AGGRESSIVE;
				CLANG_CXX_LANGUAGE_STANDARD = "gnu++17";
				CLANG_CXX_LIBRARY = "libc++";
				CLANG_ENABLE_MODULES = YES;
				CLANG_ENABLE_OBJC_ARC = YES;
				CLANG_ENABLE_OBJC_WEAK = YES;
				CLANG_WARN_BLOCK_CAPTURE_AUTORELEASING = YES;
				CLANG_WARN_BOOL_CONVERSION = YES;
				CLANG_WARN_COMMA = YES;
				CLANG_WARN_CONSTANT_CONVERSION = YES;
				CLANG_WARN_DEPRECATED_OBJC_IMPLEMENTATIONS = YES;
				CLANG_WARN_DIRECT_OBJC_ISA_USAGE = YES_ERROR;
				CLANG_WARN_DOCUMENTATION_COMMENTS = YES;
				CLANG_WARN_EMPTY_BODY = YES;
				CLANG_WARN_ENUM_CONVERSION = YES;
				CLANG_WARN_INFINITE_RECURSION = YES;
				CLANG_WARN_INT_CONVERSION = YES;
				CLANG_WARN_NON_LITERAL_NULL_CONVERSION = YES;
				CLANG_WARN_OBJC_IMPLICIT_RETAIN_SELF = YES;
				CLANG_WARN_OBJC_LITERAL_CONVERSION = YES;
				CLANG_WARN_OBJC_ROOT_CLASS = YES_ERROR;
				CLANG_WARN_QUOTED_INCLUDE_IN_FRAMEWORK_HEADER = YES;
				CLANG_WARN_RANGE_LOOP_ANALYSIS = YES;
				CLANG_WARN_STRICT_PROTOTYPES = YES;
				CLANG_WARN_SUSPICIOUS_MOVE = YES;
				CLANG_WARN_UNGUARDED_AVAILABILITY = YES_AGGRESSIVE;
				CLANG_WARN_UNREACHABLE_CODE = YES;
				CLANG_WARN__DUPLICATE_METHOD_MATCH = YES;
				COPY_PHASE_STRIP = NO;
				DEBUG_INFORMATION_FORMAT = "dwarf-with-dsym";
				ENABLE_NS_ASSERTIONS = NO;
				ENABLE_STRICT_OBJC_MSGSEND = YES;
				GCC_C_LANGUAGE_STANDARD = gnu11;
				GCC_NO_COMMON_BLOCKS = YES;
				GCC_WARN_64_TO_32_BIT_CONVERSION = YES;
				GCC_WARN_ABOUT_RETURN_TYPE = YES_ERROR;
				GCC_WARN_UNDECLARED_SELECTOR = YES;
				GCC_WARN_UNINITIALIZED_AUTOS = YES_AGGRESSIVE;
				GCC_WARN_UNUSED_FUNCTION = YES;
				GCC_WARN_UNUSED_VARIABLE = YES;
				IPHONEOS_DEPLOYMENT_TARGET = 15.0;
				MTL_ENABLE_DEBUG_INFO = NO;
				MTL_FAST_MATH = YES;
				SDKROOT = iphoneos;
				SWIFT_COMPILATION_MODE = wholemodule;
				SWIFT_OPTIMIZATION_LEVEL = "-O";
				VALIDATE_PRODUCT = YES;
			};
			name = Release;
		};
		5585FBFA26FE4A4D005952E1 /* Debug */ = {
			isa = XCBuildConfiguration;
			buildSettings = {
				ASSETCATALOG_COMPILER_APPICON_NAME = AppIcon;
				ASSETCATALOG_COMPILER_GLOBAL_ACCENT_COLOR_NAME = AccentColor;
				CODE_SIGN_STYLE = Automatic;
				CURRENT_PROJECT_VERSION = 1;
				DEVELOPMENT_TEAM = MF8HD2PMU9;
				GENERATE_INFOPLIST_FILE = YES;
				INFOPLIST_FILE = AppTableViewIntro_Retro/Info.plist;
				INFOPLIST_KEY_UIApplicationSupportsIndirectInputEvents = YES;
				INFOPLIST_KEY_UILaunchStoryboardName = LaunchScreen;
				INFOPLIST_KEY_UISupportedInterfaceOrientations_iPad = "UIInterfaceOrientationPortrait UIInterfaceOrientationPortraitUpsideDown UIInterfaceOrientationLandscapeLeft UIInterfaceOrientationLandscapeRight";
				INFOPLIST_KEY_UISupportedInterfaceOrientations_iPhone = "UIInterfaceOrientationPortrait UIInterfaceOrientationLandscapeLeft UIInterfaceOrientationLandscapeRight";
				LD_RUNPATH_SEARCH_PATHS = (
					"$(inherited)",
					"@executable_path/Frameworks",
				);
				MARKETING_VERSION = 1.0;
				PRODUCT_BUNDLE_IDENTIFIER = "com.CICE.Tech.iOS.AppTableViewIntro-Retro";
				PRODUCT_NAME = "$(TARGET_NAME)";
				SWIFT_EMIT_LOC_STRINGS = YES;
				SWIFT_VERSION = 5.0;
				TARGETED_DEVICE_FAMILY = 1;
			};
			name = Debug;
		};
		5585FBFB26FE4A4D005952E1 /* Release */ = {
			isa = XCBuildConfiguration;
			buildSettings = {
				ASSETCATALOG_COMPILER_APPICON_NAME = AppIcon;
				ASSETCATALOG_COMPILER_GLOBAL_ACCENT_COLOR_NAME = AccentColor;
				CODE_SIGN_STYLE = Automatic;
				CURRENT_PROJECT_VERSION = 1;
				DEVELOPMENT_TEAM = MF8HD2PMU9;
				GENERATE_INFOPLIST_FILE = YES;
				INFOPLIST_FILE = AppTableViewIntro_Retro/Info.plist;
				INFOPLIST_KEY_UIApplicationSupportsIndirectInputEvents = YES;
				INFOPLIST_KEY_UILaunchStoryboardName = LaunchScreen;
				INFOPLIST_KEY_UISupportedInterfaceOrientations_iPad = "UIInterfaceOrientationPortrait UIInterfaceOrientationPortraitUpsideDown UIInterfaceOrientationLandscapeLeft UIInterfaceOrientationLandscapeRight";
				INFOPLIST_KEY_UISupportedInterfaceOrientations_iPhone = "UIInterfaceOrientationPortrait UIInterfaceOrientationLandscapeLeft UIInterfaceOrientationLandscapeRight";
				LD_RUNPATH_SEARCH_PATHS = (
					"$(inherited)",
					"@executable_path/Frameworks",
				);
				MARKETING_VERSION = 1.0;
				PRODUCT_BUNDLE_IDENTIFIER = "com.CICE.Tech.iOS.AppTableViewIntro-Retro";
				PRODUCT_NAME = "$(TARGET_NAME)";
				SWIFT_EMIT_LOC_STRINGS = YES;
				SWIFT_VERSION = 5.0;
				TARGETED_DEVICE_FAMILY = 1;
			};
			name = Release;
		};
/* End XCBuildConfiguration section */

/* Begin XCConfigurationList section */
		5585FBE026FE4A4B005952E1 /* Build configuration list for PBXProject "AppTableViewIntro_Retro" */ = {
			isa = XCConfigurationList;
			buildConfigurations = (
				5585FBF726FE4A4D005952E1 /* Debug */,
				5585FBF826FE4A4D005952E1 /* Release */,
			);
			defaultConfigurationIsVisible = 0;
			defaultConfigurationName = Release;
		};
		5585FBF926FE4A4D005952E1 /* Build configuration list for PBXNativeTarget "AppTableViewIntro_Retro" */ = {
			isa = XCConfigurationList;
			buildConfigurations = (
				5585FBFA26FE4A4D005952E1 /* Debug */,
				5585FBFB26FE4A4D005952E1 /* Release */,
			);
			defaultConfigurationIsVisible = 0;
			defaultConfigurationName = Release;
		};
/* End XCConfigurationList section */
	};
	rootObject = 5585FBDD26FE4A4B005952E1 /* Project object */;
}
