// !$*UTF8*$!
{
	archiveVersion = 1;
	classes = {
	};
	objectVersion = 55;
	objects = {

/* Begin PBXBuildFile section */
		55CF10AC27083D8900EFDFD1 /* AppDelegate.swift in Sources */ = {isa = PBXBuildFile; fileRef = 55CF10AB27083D8900EFDFD1 /* AppDelegate.swift */; };
		55CF10B527083D8C00EFDFD1 /* Assets.xcassets in Resources */ = {isa = PBXBuildFile; fileRef = 55CF10B427083D8C00EFDFD1 /* Assets.xcassets */; };
		55CF10B827083D8C00EFDFD1 /* LaunchScreen.storyboard in Resources */ = {isa = PBXBuildFile; fileRef = 55CF10B627083D8C00EFDFD1 /* LaunchScreen.storyboard */; };
		55CF10C127083EA000EFDFD1 /* AppCoreCoordinator.swift in Sources */ = {isa = PBXBuildFile; fileRef = 55CF10C027083EA000EFDFD1 /* AppCoreCoordinator.swift */; };
		55CF10C627083F9800EFDFD1 /* UserDataViewController.swift in Sources */ = {isa = PBXBuildFile; fileRef = 55CF10C427083F9800EFDFD1 /* UserDataViewController.swift */; };
		55CF10C727083F9800EFDFD1 /* UserDataViewController.xib in Resources */ = {isa = PBXBuildFile; fileRef = 55CF10C527083F9800EFDFD1 /* UserDataViewController.xib */; };
		55CF10C927083FBF00EFDFD1 /* UserDataCoordinator.swift in Sources */ = {isa = PBXBuildFile; fileRef = 55CF10C827083FBF00EFDFD1 /* UserDataCoordinator.swift */; };
		55CF10CC270847F100EFDFD1 /* Utils.swift in Sources */ = {isa = PBXBuildFile; fileRef = 55CF10CB270847F100EFDFD1 /* Utils.swift */; };
		55CF10D12708668300EFDFD1 /* HomeTabBarViewController.swift in Sources */ = {isa = PBXBuildFile; fileRef = 55CF10CF2708668300EFDFD1 /* HomeTabBarViewController.swift */; };
		55CF10D22708668300EFDFD1 /* HomeTabBarViewController.xib in Resources */ = {isa = PBXBuildFile; fileRef = 55CF10D02708668300EFDFD1 /* HomeTabBarViewController.xib */; };
		55CF10D42708669700EFDFD1 /* HomeTabBarCoordinator.swift in Sources */ = {isa = PBXBuildFile; fileRef = 55CF10D32708669700EFDFD1 /* HomeTabBarCoordinator.swift */; };
		55CF10D82708737E00EFDFD1 /* PerfilViewController.swift in Sources */ = {isa = PBXBuildFile; fileRef = 55CF10D62708737E00EFDFD1 /* PerfilViewController.swift */; };
		55CF10D92708737E00EFDFD1 /* PerfilViewController.xib in Resources */ = {isa = PBXBuildFile; fileRef = 55CF10D72708737E00EFDFD1 /* PerfilViewController.xib */; };
		55CF10DB2708738C00EFDFD1 /* PerfilViewCoordinator.swift in Sources */ = {isa = PBXBuildFile; fileRef = 55CF10DA2708738C00EFDFD1 /* PerfilViewCoordinator.swift */; };
		55CF10DF2708744600EFDFD1 /* MesesCochesViewController.swift in Sources */ = {isa = PBXBuildFile; fileRef = 55CF10DD2708744600EFDFD1 /* MesesCochesViewController.swift */; };
		55CF10E02708744600EFDFD1 /* MesesCochesViewController.xib in Resources */ = {isa = PBXBuildFile; fileRef = 55CF10DE2708744600EFDFD1 /* MesesCochesViewController.xib */; };
		55CF10E42708747900EFDFD1 /* PostsViewController.swift in Sources */ = {isa = PBXBuildFile; fileRef = 55CF10E22708747900EFDFD1 /* PostsViewController.swift */; };
		55CF10E52708747900EFDFD1 /* PostsViewController.xib in Resources */ = {isa = PBXBuildFile; fileRef = 55CF10E32708747900EFDFD1 /* PostsViewController.xib */; };
		55CF10E72708757C00EFDFD1 /* MesesCochesCoordinator.swift in Sources */ = {isa = PBXBuildFile; fileRef = 55CF10E62708757C00EFDFD1 /* MesesCochesCoordinator.swift */; };
		55CF10E92708758B00EFDFD1 /* PostsCoordinator.swift in Sources */ = {isa = PBXBuildFile; fileRef = 55CF10E82708758B00EFDFD1 /* PostsCoordinator.swift */; };
/* End PBXBuildFile section */

/* Begin PBXFileReference section */
		55CF10A827083D8900EFDFD1 /* AppUserDefault.app */ = {isa = PBXFileReference; explicitFileType = wrapper.application; includeInIndex = 0; path = AppUserDefault.app; sourceTree = BUILT_PRODUCTS_DIR; };
		55CF10AB27083D8900EFDFD1 /* AppDelegate.swift */ = {isa = PBXFileReference; lastKnownFileType = sourcecode.swift; path = AppDelegate.swift; sourceTree = "<group>"; };
		55CF10B427083D8C00EFDFD1 /* Assets.xcassets */ = {isa = PBXFileReference; lastKnownFileType = folder.assetcatalog; path = Assets.xcassets; sourceTree = "<group>"; };
		55CF10B727083D8C00EFDFD1 /* Base */ = {isa = PBXFileReference; lastKnownFileType = file.storyboard; name = Base; path = Base.lproj/LaunchScreen.storyboard; sourceTree = "<group>"; };
		55CF10B927083D8C00EFDFD1 /* Info.plist */ = {isa = PBXFileReference; lastKnownFileType = text.plist.xml; path = Info.plist; sourceTree = "<group>"; };
		55CF10C027083EA000EFDFD1 /* AppCoreCoordinator.swift */ = {isa = PBXFileReference; lastKnownFileType = sourcecode.swift; path = AppCoreCoordinator.swift; sourceTree = "<group>"; };
		55CF10C427083F9800EFDFD1 /* UserDataViewController.swift */ = {isa = PBXFileReference; lastKnownFileType = sourcecode.swift; path = UserDataViewController.swift; sourceTree = "<group>"; };
		55CF10C527083F9800EFDFD1 /* UserDataViewController.xib */ = {isa = PBXFileReference; lastKnownFileType = file.xib; path = UserDataViewController.xib; sourceTree = "<group>"; };
		55CF10C827083FBF00EFDFD1 /* UserDataCoordinator.swift */ = {isa = PBXFileReference; lastKnownFileType = sourcecode.swift; path = UserDataCoordinator.swift; sourceTree = "<group>"; };
		55CF10CB270847F100EFDFD1 /* Utils.swift */ = {isa = PBXFileReference; lastKnownFileType = sourcecode.swift; path = Utils.swift; sourceTree = "<group>"; };
		55CF10CF2708668300EFDFD1 /* HomeTabBarViewController.swift */ = {isa = PBXFileReference; lastKnownFileType = sourcecode.swift; path = HomeTabBarViewController.swift; sourceTree = "<group>"; };
		55CF10D02708668300EFDFD1 /* HomeTabBarViewController.xib */ = {isa = PBXFileReference; lastKnownFileType = file.xib; path = HomeTabBarViewController.xib; sourceTree = "<group>"; };
		55CF10D32708669700EFDFD1 /* HomeTabBarCoordinator.swift */ = {isa = PBXFileReference; lastKnownFileType = sourcecode.swift; path = HomeTabBarCoordinator.swift; sourceTree = "<group>"; };
		55CF10D62708737E00EFDFD1 /* PerfilViewController.swift */ = {isa = PBXFileReference; lastKnownFileType = sourcecode.swift; path = PerfilViewController.swift; sourceTree = "<group>"; };
		55CF10D72708737E00EFDFD1 /* PerfilViewController.xib */ = {isa = PBXFileReference; lastKnownFileType = file.xib; path = PerfilViewController.xib; sourceTree = "<group>"; };
		55CF10DA2708738C00EFDFD1 /* PerfilViewCoordinator.swift */ = {isa = PBXFileReference; lastKnownFileType = sourcecode.swift; path = PerfilViewCoordinator.swift; sourceTree = "<group>"; };
		55CF10DD2708744600EFDFD1 /* MesesCochesViewController.swift */ = {isa = PBXFileReference; lastKnownFileType = sourcecode.swift; path = MesesCochesViewController.swift; sourceTree = "<group>"; };
		55CF10DE2708744600EFDFD1 /* MesesCochesViewController.xib */ = {isa = PBXFileReference; lastKnownFileType = file.xib; path = MesesCochesViewController.xib; sourceTree = "<group>"; };
		55CF10E22708747900EFDFD1 /* PostsViewController.swift */ = {isa = PBXFileReference; lastKnownFileType = sourcecode.swift; path = PostsViewController.swift; sourceTree = "<group>"; };
		55CF10E32708747900EFDFD1 /* PostsViewController.xib */ = {isa = PBXFileReference; lastKnownFileType = file.xib; path = PostsViewController.xib; sourceTree = "<group>"; };
		55CF10E62708757C00EFDFD1 /* MesesCochesCoordinator.swift */ = {isa = PBXFileReference; lastKnownFileType = sourcecode.swift; path = MesesCochesCoordinator.swift; sourceTree = "<group>"; };
		55CF10E82708758B00EFDFD1 /* PostsCoordinator.swift */ = {isa = PBXFileReference; lastKnownFileType = sourcecode.swift; path = PostsCoordinator.swift; sourceTree = "<group>"; };
/* End PBXFileReference section */

/* Begin PBXFrameworksBuildPhase section */
		55CF10A527083D8900EFDFD1 /* Frameworks */ = {
			isa = PBXFrameworksBuildPhase;
			buildActionMask = 2147483647;
			files = (
			);
			runOnlyForDeploymentPostprocessing = 0;
		};
/* End PBXFrameworksBuildPhase section */

/* Begin PBXGroup section */
		55CF109F27083D8900EFDFD1 = {
			isa = PBXGroup;
			children = (
				55CF10AA27083D8900EFDFD1 /* AppUserDefault */,
				55CF10A927083D8900EFDFD1 /* Products */,
			);
			sourceTree = "<group>";
		};
		55CF10A927083D8900EFDFD1 /* Products */ = {
			isa = PBXGroup;
			children = (
				55CF10A827083D8900EFDFD1 /* AppUserDefault.app */,
			);
			name = Products;
			sourceTree = "<group>";
		};
		55CF10AA27083D8900EFDFD1 /* AppUserDefault */ = {
			isa = PBXGroup;
			children = (
				55CF10CA270847E400EFDFD1 /* Utils */,
				55CF10C227083F6000EFDFD1 /* Modules */,
				55CF10BF27083E9500EFDFD1 /* Core */,
				55CF10AB27083D8900EFDFD1 /* AppDelegate.swift */,
				55CF10B427083D8C00EFDFD1 /* Assets.xcassets */,
				55CF10B627083D8C00EFDFD1 /* LaunchScreen.storyboard */,
				55CF10B927083D8C00EFDFD1 /* Info.plist */,
			);
			path = AppUserDefault;
			sourceTree = "<group>";
		};
		55CF10BF27083E9500EFDFD1 /* Core */ = {
			isa = PBXGroup;
			children = (
				55CF10C027083EA000EFDFD1 /* AppCoreCoordinator.swift */,
			);
			path = Core;
			sourceTree = "<group>";
		};
		55CF10C227083F6000EFDFD1 /* Modules */ = {
			isa = PBXGroup;
			children = (
				55CF10C327083F8600EFDFD1 /* Sections */,
			);
			path = Modules;
			sourceTree = "<group>";
		};
		55CF10C327083F8600EFDFD1 /* Sections */ = {
			isa = PBXGroup;
			children = (
				55CF10E12708744F00EFDFD1 /* PostsView */,
				55CF10DC2708743000EFDFD1 /* MesesCochesView */,
				55CF10D52708736100EFDFD1 /* PerfilView */,
				55CF10CE2708665200EFDFD1 /* HomeTabBarView */,
				55CF10CD2708663600EFDFD1 /* RegistroView */,
			);
			path = Sections;
			sourceTree = "<group>";
		};
		55CF10CA270847E400EFDFD1 /* Utils */ = {
			isa = PBXGroup;
			children = (
				55CF10CB270847F100EFDFD1 /* Utils.swift */,
			);
			path = Utils;
			sourceTree = "<group>";
		};
		55CF10CD2708663600EFDFD1 /* RegistroView */ = {
			isa = PBXGroup;
			children = (
				55CF10C427083F9800EFDFD1 /* UserDataViewController.swift */,
				55CF10C527083F9800EFDFD1 /* UserDataViewController.xib */,
				55CF10C827083FBF00EFDFD1 /* UserDataCoordinator.swift */,
			);
			path = RegistroView;
			sourceTree = "<group>";
		};
		55CF10CE2708665200EFDFD1 /* HomeTabBarView */ = {
			isa = PBXGroup;
			children = (
				55CF10CF2708668300EFDFD1 /* HomeTabBarViewController.swift */,
				55CF10D02708668300EFDFD1 /* HomeTabBarViewController.xib */,
				55CF10D32708669700EFDFD1 /* HomeTabBarCoordinator.swift */,
			);
			path = HomeTabBarView;
			sourceTree = "<group>";
		};
		55CF10D52708736100EFDFD1 /* PerfilView */ = {
			isa = PBXGroup;
			children = (
				55CF10D62708737E00EFDFD1 /* PerfilViewController.swift */,
				55CF10D72708737E00EFDFD1 /* PerfilViewController.xib */,
				55CF10DA2708738C00EFDFD1 /* PerfilViewCoordinator.swift */,
			);
			path = PerfilView;
			sourceTree = "<group>";
		};
		55CF10DC2708743000EFDFD1 /* MesesCochesView */ = {
			isa = PBXGroup;
			children = (
				55CF10DD2708744600EFDFD1 /* MesesCochesViewController.swift */,
				55CF10DE2708744600EFDFD1 /* MesesCochesViewController.xib */,
				55CF10E62708757C00EFDFD1 /* MesesCochesCoordinator.swift */,
			);
			path = MesesCochesView;
			sourceTree = "<group>";
		};
		55CF10E12708744F00EFDFD1 /* PostsView */ = {
			isa = PBXGroup;
			children = (
				55CF10E22708747900EFDFD1 /* PostsViewController.swift */,
				55CF10E32708747900EFDFD1 /* PostsViewController.xib */,
				55CF10E82708758B00EFDFD1 /* PostsCoordinator.swift */,
			);
			path = PostsView;
			sourceTree = "<group>";
		};
/* End PBXGroup section */

/* Begin PBXNativeTarget section */
		55CF10A727083D8900EFDFD1 /* AppUserDefault */ = {
			isa = PBXNativeTarget;
			buildConfigurationList = 55CF10BC27083D8C00EFDFD1 /* Build configuration list for PBXNativeTarget "AppUserDefault" */;
			buildPhases = (
				55CF10A427083D8900EFDFD1 /* Sources */,
				55CF10A527083D8900EFDFD1 /* Frameworks */,
				55CF10A627083D8900EFDFD1 /* Resources */,
			);
			buildRules = (
			);
			dependencies = (
			);
			name = AppUserDefault;
			productName = AppUserDefault;
			productReference = 55CF10A827083D8900EFDFD1 /* AppUserDefault.app */;
			productType = "com.apple.product-type.application";
		};
/* End PBXNativeTarget section */

/* Begin PBXProject section */
		55CF10A027083D8900EFDFD1 /* Project object */ = {
			isa = PBXProject;
			attributes = {
				BuildIndependentTargetsInParallel = 1;
				LastSwiftUpdateCheck = 1300;
				LastUpgradeCheck = 1300;
				TargetAttributes = {
					55CF10A727083D8900EFDFD1 = {
						CreatedOnToolsVersion = 13.0;
					};
				};
			};
			buildConfigurationList = 55CF10A327083D8900EFDFD1 /* Build configuration list for PBXProject "AppUserDefault" */;
			compatibilityVersion = "Xcode 13.0";
			developmentRegion = en;
			hasScannedForEncodings = 0;
			knownRegions = (
				en,
				Base,
			);
			mainGroup = 55CF109F27083D8900EFDFD1;
			productRefGroup = 55CF10A927083D8900EFDFD1 /* Products */;
			projectDirPath = "";
			projectRoot = "";
			targets = (
				55CF10A727083D8900EFDFD1 /* AppUserDefault */,
			);
		};
/* End PBXProject section */

/* Begin PBXResourcesBuildPhase section */
		55CF10A627083D8900EFDFD1 /* Resources */ = {
			isa = PBXResourcesBuildPhase;
			buildActionMask = 2147483647;
			files = (
				55CF10C727083F9800EFDFD1 /* UserDataViewController.xib in Resources */,
				55CF10D92708737E00EFDFD1 /* PerfilViewController.xib in Resources */,
				55CF10D22708668300EFDFD1 /* HomeTabBarViewController.xib in Resources */,
				55CF10E02708744600EFDFD1 /* MesesCochesViewController.xib in Resources */,
				55CF10B827083D8C00EFDFD1 /* LaunchScreen.storyboard in Resources */,
				55CF10E52708747900EFDFD1 /* PostsViewController.xib in Resources */,
				55CF10B527083D8C00EFDFD1 /* Assets.xcassets in Resources */,
			);
			runOnlyForDeploymentPostprocessing = 0;
		};
/* End PBXResourcesBuildPhase section */

/* Begin PBXSourcesBuildPhase section */
		55CF10A427083D8900EFDFD1 /* Sources */ = {
			isa = PBXSourcesBuildPhase;
			buildActionMask = 2147483647;
			files = (
				55CF10D42708669700EFDFD1 /* HomeTabBarCoordinator.swift in Sources */,
				55CF10CC270847F100EFDFD1 /* Utils.swift in Sources */,
				55CF10C627083F9800EFDFD1 /* UserDataViewController.swift in Sources */,
				55CF10DF2708744600EFDFD1 /* MesesCochesViewController.swift in Sources */,
				55CF10C927083FBF00EFDFD1 /* UserDataCoordinator.swift in Sources */,
				55CF10E42708747900EFDFD1 /* PostsViewController.swift in Sources */,
				55CF10D12708668300EFDFD1 /* HomeTabBarViewController.swift in Sources */,
				55CF10AC27083D8900EFDFD1 /* AppDelegate.swift in Sources */,
				55CF10E92708758B00EFDFD1 /* PostsCoordinator.swift in Sources */,
				55CF10DB2708738C00EFDFD1 /* PerfilViewCoordinator.swift in Sources */,
				55CF10E72708757C00EFDFD1 /* MesesCochesCoordinator.swift in Sources */,
				55CF10D82708737E00EFDFD1 /* PerfilViewController.swift in Sources */,
				55CF10C127083EA000EFDFD1 /* AppCoreCoordinator.swift in Sources */,
			);
			runOnlyForDeploymentPostprocessing = 0;
		};
/* End PBXSourcesBuildPhase section */

/* Begin PBXVariantGroup section */
		55CF10B627083D8C00EFDFD1 /* LaunchScreen.storyboard */ = {
			isa = PBXVariantGroup;
			children = (
				55CF10B727083D8C00EFDFD1 /* Base */,
			);
			name = LaunchScreen.storyboard;
			sourceTree = "<group>";
		};
/* End PBXVariantGroup section */

/* Begin XCBuildConfiguration section */
		55CF10BA27083D8C00EFDFD1 /* Debug */ = {
			isa = XCBuildConfiguration;
			buildSettings = {
				ALWAYS_SEARCH_USER_PATHS = NO;
				CLANG_ANALYZER_NONNULL = YES;
				CLANG_ANALYZER_NUMBER_OBJECT_CONVERSION = YES_AGGRESSIVE;
				CLANG_CXX_LANGUAGE_STANDARD = "gnu++17";
				CLANG_CXX_LIBRARY = "libc++";
				CLANG_ENABLE_MODULES = YES;
				CLANG_ENABLE_OBJC_ARC = YES;
				CLANG_ENABLE_OBJC_WEAK = YES;
				CLANG_WARN_BLOCK_CAPTURE_AUTORELEASING = YES;
				CLANG_WARN_BOOL_CONVERSION = YES;
				CLANG_WARN_COMMA = YES;
				CLANG_WARN_CONSTANT_CONVERSION = YES;
				CLANG_WARN_DEPRECATED_OBJC_IMPLEMENTATIONS = YES;
				CLANG_WARN_DIRECT_OBJC_ISA_USAGE = YES_ERROR;
				CLANG_WARN_DOCUMENTATION_COMMENTS = YES;
				CLANG_WARN_EMPTY_BODY = YES;
				CLANG_WARN_ENUM_CONVERSION = YES;
				CLANG_WARN_INFINITE_RECURSION = YES;
				CLANG_WARN_INT_CONVERSION = YES;
				CLANG_WARN_NON_LITERAL_NULL_CONVERSION = YES;
				CLANG_WARN_OBJC_IMPLICIT_RETAIN_SELF = YES;
				CLANG_WARN_OBJC_LITERAL_CONVERSION = YES;
				CLANG_WARN_OBJC_ROOT_CLASS = YES_ERROR;
				CLANG_WARN_QUOTED_INCLUDE_IN_FRAMEWORK_HEADER = YES;
				CLANG_WARN_RANGE_LOOP_ANALYSIS = YES;
				CLANG_WARN_STRICT_PROTOTYPES = YES;
				CLANG_WARN_SUSPICIOUS_MOVE = YES;
				CLANG_WARN_UNGUARDED_AVAILABILITY = YES_AGGRESSIVE;
				CLANG_WARN_UNREACHABLE_CODE = YES;
				CLANG_WARN__DUPLICATE_METHOD_MATCH = YES;
				COPY_PHASE_STRIP = NO;
				DEBUG_INFORMATION_FORMAT = dwarf;
				ENABLE_STRICT_OBJC_MSGSEND = YES;
				ENABLE_TESTABILITY = YES;
				GCC_C_LANGUAGE_STANDARD = gnu11;
				GCC_DYNAMIC_NO_PIC = NO;
				GCC_NO_COMMON_BLOCKS = YES;
				GCC_OPTIMIZATION_LEVEL = 0;
				GCC_PREPROCESSOR_DEFINITIONS = (
					"DEBUG=1",
					"$(inherited)",
				);
				GCC_WARN_64_TO_32_BIT_CONVERSION = YES;
				GCC_WARN_ABOUT_RETURN_TYPE = YES_ERROR;
				GCC_WARN_UNDECLARED_SELECTOR = YES;
				GCC_WARN_UNINITIALIZED_AUTOS = YES_AGGRESSIVE;
				GCC_WARN_UNUSED_FUNCTION = YES;
				GCC_WARN_UNUSED_VARIABLE = YES;
				IPHONEOS_DEPLOYMENT_TARGET = 15.0;
				MTL_ENABLE_DEBUG_INFO = INCLUDE_SOURCE;
				MTL_FAST_MATH = YES;
				ONLY_ACTIVE_ARCH = YES;
				SDKROOT = iphoneos;
				SWIFT_ACTIVE_COMPILATION_CONDITIONS = DEBUG;
				SWIFT_OPTIMIZATION_LEVEL = "-Onone";
			};
			name = Debug;
		};
		55CF10BB27083D8C00EFDFD1 /* Release */ = {
			isa = XCBuildConfiguration;
			buildSettings = {
				ALWAYS_SEARCH_USER_PATHS = NO;
				CLANG_ANALYZER_NONNULL = YES;
				CLANG_ANALYZER_NUMBER_OBJECT_CONVERSION = YES_AGGRESSIVE;
				CLANG_CXX_LANGUAGE_STANDARD = "gnu++17";
				CLANG_CXX_LIBRARY = "libc++";
				CLANG_ENABLE_MODULES = YES;
				CLANG_ENABLE_OBJC_ARC = YES;
				CLANG_ENABLE_OBJC_WEAK = YES;
				CLANG_WARN_BLOCK_CAPTURE_AUTORELEASING = YES;
				CLANG_WARN_BOOL_CONVERSION = YES;
				CLANG_WARN_COMMA = YES;
				CLANG_WARN_CONSTANT_CONVERSION = YES;
				CLANG_WARN_DEPRECATED_OBJC_IMPLEMENTATIONS = YES;
				CLANG_WARN_DIRECT_OBJC_ISA_USAGE = YES_ERROR;
				CLANG_WARN_DOCUMENTATION_COMMENTS = YES;
				CLANG_WARN_EMPTY_BODY = YES;
				CLANG_WARN_ENUM_CONVERSION = YES;
				CLANG_WARN_INFINITE_RECURSION = YES;
				CLANG_WARN_INT_CONVERSION = YES;
				CLANG_WARN_NON_LITERAL_NULL_CONVERSION = YES;
				CLANG_WARN_OBJC_IMPLICIT_RETAIN_SELF = YES;
				CLANG_WARN_OBJC_LITERAL_CONVERSION = YES;
				CLANG_WARN_OBJC_ROOT_CLASS = YES_ERROR;
				CLANG_WARN_QUOTED_INCLUDE_IN_FRAMEWORK_HEADER = YES;
				CLANG_WARN_RANGE_LOOP_ANALYSIS = YES;
				CLANG_WARN_STRICT_PROTOTYPES = YES;
				CLANG_WARN_SUSPICIOUS_MOVE = YES;
				CLANG_WARN_UNGUARDED_AVAILABILITY = YES_AGGRESSIVE;
				CLANG_WARN_UNREACHABLE_CODE = YES;
				CLANG_WARN__DUPLICATE_METHOD_MATCH = YES;
				COPY_PHASE_STRIP = NO;
				DEBUG_INFORMATION_FORMAT = "dwarf-with-dsym";
				ENABLE_NS_ASSERTIONS = NO;
				ENABLE_STRICT_OBJC_MSGSEND = YES;
				GCC_C_LANGUAGE_STANDARD = gnu11;
				GCC_NO_COMMON_BLOCKS = YES;
				GCC_WARN_64_TO_32_BIT_CONVERSION = YES;
				GCC_WARN_ABOUT_RETURN_TYPE = YES_ERROR;
				GCC_WARN_UNDECLARED_SELECTOR = YES;
				GCC_WARN_UNINITIALIZED_AUTOS = YES_AGGRESSIVE;
				GCC_WARN_UNUSED_FUNCTION = YES;
				GCC_WARN_UNUSED_VARIABLE = YES;
				IPHONEOS_DEPLOYMENT_TARGET = 15.0;
				MTL_ENABLE_DEBUG_INFO = NO;
				MTL_FAST_MATH = YES;
				SDKROOT = iphoneos;
				SWIFT_COMPILATION_MODE = wholemodule;
				SWIFT_OPTIMIZATION_LEVEL = "-O";
				VALIDATE_PRODUCT = YES;
			};
			name = Release;
		};
		55CF10BD27083D8C00EFDFD1 /* Debug */ = {
			isa = XCBuildConfiguration;
			buildSettings = {
				ASSETCATALOG_COMPILER_APPICON_NAME = AppIcon;
				ASSETCATALOG_COMPILER_GLOBAL_ACCENT_COLOR_NAME = AccentColor;
				CODE_SIGN_STYLE = Automatic;
				CURRENT_PROJECT_VERSION = 1;
				DEVELOPMENT_TEAM = MF8HD2PMU9;
				GENERATE_INFOPLIST_FILE = YES;
				INFOPLIST_FILE = AppUserDefault/Info.plist;
				INFOPLIST_KEY_UIApplicationSupportsIndirectInputEvents = YES;
				INFOPLIST_KEY_UILaunchStoryboardName = LaunchScreen;
				INFOPLIST_KEY_UISupportedInterfaceOrientations_iPad = "UIInterfaceOrientationPortrait UIInterfaceOrientationPortraitUpsideDown UIInterfaceOrientationLandscapeLeft UIInterfaceOrientationLandscapeRight";
				INFOPLIST_KEY_UISupportedInterfaceOrientations_iPhone = "UIInterfaceOrientationPortrait UIInterfaceOrientationLandscapeLeft UIInterfaceOrientationLandscapeRight";
				LD_RUNPATH_SEARCH_PATHS = (
					"$(inherited)",
					"@executable_path/Frameworks",
				);
				MARKETING_VERSION = 1.0;
				PRODUCT_BUNDLE_IDENTIFIER = com.CICE.Tech.iOS.AppUserDefault;
				PRODUCT_NAME = "$(TARGET_NAME)";
				SWIFT_EMIT_LOC_STRINGS = YES;
				SWIFT_VERSION = 5.0;
				TARGETED_DEVICE_FAMILY = 1;
			};
			name = Debug;
		};
		55CF10BE27083D8C00EFDFD1 /* Release */ = {
			isa = XCBuildConfiguration;
			buildSettings = {
				ASSETCATALOG_COMPILER_APPICON_NAME = AppIcon;
				ASSETCATALOG_COMPILER_GLOBAL_ACCENT_COLOR_NAME = AccentColor;
				CODE_SIGN_STYLE = Automatic;
				CURRENT_PROJECT_VERSION = 1;
				DEVELOPMENT_TEAM = MF8HD2PMU9;
				GENERATE_INFOPLIST_FILE = YES;
				INFOPLIST_FILE = AppUserDefault/Info.plist;
				INFOPLIST_KEY_UIApplicationSupportsIndirectInputEvents = YES;
				INFOPLIST_KEY_UILaunchStoryboardName = LaunchScreen;
				INFOPLIST_KEY_UISupportedInterfaceOrientations_iPad = "UIInterfaceOrientationPortrait UIInterfaceOrientationPortraitUpsideDown UIInterfaceOrientationLandscapeLeft UIInterfaceOrientationLandscapeRight";
				INFOPLIST_KEY_UISupportedInterfaceOrientations_iPhone = "UIInterfaceOrientationPortrait UIInterfaceOrientationLandscapeLeft UIInterfaceOrientationLandscapeRight";
				LD_RUNPATH_SEARCH_PATHS = (
					"$(inherited)",
					"@executable_path/Frameworks",
				);
				MARKETING_VERSION = 1.0;
				PRODUCT_BUNDLE_IDENTIFIER = com.CICE.Tech.iOS.AppUserDefault;
				PRODUCT_NAME = "$(TARGET_NAME)";
				SWIFT_EMIT_LOC_STRINGS = YES;
				SWIFT_VERSION = 5.0;
				TARGETED_DEVICE_FAMILY = 1;
			};
			name = Release;
		};
/* End XCBuildConfiguration section */

/* Begin XCConfigurationList section */
		55CF10A327083D8900EFDFD1 /* Build configuration list for PBXProject "AppUserDefault" */ = {
			isa = XCConfigurationList;
			buildConfigurations = (
				55CF10BA27083D8C00EFDFD1 /* Debug */,
				55CF10BB27083D8C00EFDFD1 /* Release */,
			);
			defaultConfigurationIsVisible = 0;
			defaultConfigurationName = Release;
		};
		55CF10BC27083D8C00EFDFD1 /* Build configuration list for PBXNativeTarget "AppUserDefault" */ = {
			isa = XCConfigurationList;
			buildConfigurations = (
				55CF10BD27083D8C00EFDFD1 /* Debug */,
				55CF10BE27083D8C00EFDFD1 /* Release */,
			);
			defaultConfigurationIsVisible = 0;
			defaultConfigurationName = Release;
		};
/* End XCConfigurationList section */
	};
	rootObject = 55CF10A027083D8900EFDFD1 /* Project object */;
}
