// !$*UTF8*$!
{
	archiveVersion = 1;
	classes = {
	};
	objectVersion = 55;
	objects = {

/* Begin PBXBuildFile section */
		5556AC4E27427769006A0682 /* AppDelegate.swift in Sources */ = {isa = PBXBuildFile; fileRef = 5556AC4D27427769006A0682 /* AppDelegate.swift */; };
		5556AC572742776B006A0682 /* Assets.xcassets in Resources */ = {isa = PBXBuildFile; fileRef = 5556AC562742776B006A0682 /* Assets.xcassets */; };
		5556AC6627427968006A0682 /* StartScreenViewController.swift in Sources */ = {isa = PBXBuildFile; fileRef = 5556AC6427427968006A0682 /* StartScreenViewController.swift */; };
		5556AC6727427968006A0682 /* StartScreenViewController.xib in Resources */ = {isa = PBXBuildFile; fileRef = 5556AC6527427968006A0682 /* StartScreenViewController.xib */; };
		5556AC692742799E006A0682 /* StartScreenCoordinator.swift in Sources */ = {isa = PBXBuildFile; fileRef = 5556AC682742799E006A0682 /* StartScreenCoordinator.swift */; };
		5556AC6C27427AED006A0682 /* AppCoreCoordinator.swift in Sources */ = {isa = PBXBuildFile; fileRef = 5556AC6B27427AED006A0682 /* AppCoreCoordinator.swift */; };
		5556AC712742817C006A0682 /* Utils.swift in Sources */ = {isa = PBXBuildFile; fileRef = 5556AC702742817C006A0682 /* Utils.swift */; };
		5556AC752742892C006A0682 /* romulus.ttf in Resources */ = {isa = PBXBuildFile; fileRef = 5556AC732742892C006A0682 /* romulus.ttf */; };
		5556AC762742892C006A0682 /* alagard.ttf in Resources */ = {isa = PBXBuildFile; fileRef = 5556AC742742892C006A0682 /* alagard.ttf */; };
		5556AC782742915E006A0682 /* HUD_BUTTONS_2.png in Resources */ = {isa = PBXBuildFile; fileRef = 5556AC772742915E006A0682 /* HUD_BUTTONS_2.png */; };
		5556AC7C2742BC17006A0682 /* AlertTutorialViewController.swift in Sources */ = {isa = PBXBuildFile; fileRef = 5556AC7A2742BC17006A0682 /* AlertTutorialViewController.swift */; };
		5556AC7D2742BC17006A0682 /* AlertTutorialViewController.xib in Resources */ = {isa = PBXBuildFile; fileRef = 5556AC7B2742BC17006A0682 /* AlertTutorialViewController.xib */; };
/* End PBXBuildFile section */

/* Begin PBXFileReference section */
		5556AC4A27427769006A0682 /* Qamtara.app */ = {isa = PBXFileReference; explicitFileType = wrapper.application; includeInIndex = 0; path = Qamtara.app; sourceTree = BUILT_PRODUCTS_DIR; };
		5556AC4D27427769006A0682 /* AppDelegate.swift */ = {isa = PBXFileReference; lastKnownFileType = sourcecode.swift; path = AppDelegate.swift; sourceTree = "<group>"; };
		5556AC562742776B006A0682 /* Assets.xcassets */ = {isa = PBXFileReference; lastKnownFileType = folder.assetcatalog; path = Assets.xcassets; sourceTree = "<group>"; };
		5556AC5B2742776B006A0682 /* Info.plist */ = {isa = PBXFileReference; lastKnownFileType = text.plist.xml; path = Info.plist; sourceTree = "<group>"; };
		5556AC6427427968006A0682 /* StartScreenViewController.swift */ = {isa = PBXFileReference; lastKnownFileType = sourcecode.swift; path = StartScreenViewController.swift; sourceTree = "<group>"; };
		5556AC6527427968006A0682 /* StartScreenViewController.xib */ = {isa = PBXFileReference; lastKnownFileType = file.xib; path = StartScreenViewController.xib; sourceTree = "<group>"; };
		5556AC682742799E006A0682 /* StartScreenCoordinator.swift */ = {isa = PBXFileReference; lastKnownFileType = sourcecode.swift; path = StartScreenCoordinator.swift; sourceTree = "<group>"; };
		5556AC6B27427AED006A0682 /* AppCoreCoordinator.swift */ = {isa = PBXFileReference; lastKnownFileType = sourcecode.swift; path = AppCoreCoordinator.swift; sourceTree = "<group>"; };
		5556AC702742817C006A0682 /* Utils.swift */ = {isa = PBXFileReference; lastKnownFileType = sourcecode.swift; path = Utils.swift; sourceTree = "<group>"; };
		5556AC732742892C006A0682 /* romulus.ttf */ = {isa = PBXFileReference; lastKnownFileType = file; path = romulus.ttf; sourceTree = "<group>"; };
		5556AC742742892C006A0682 /* alagard.ttf */ = {isa = PBXFileReference; lastKnownFileType = file; path = alagard.ttf; sourceTree = "<group>"; };
		5556AC772742915E006A0682 /* HUD_BUTTONS_2.png */ = {isa = PBXFileReference; lastKnownFileType = image.png; path = HUD_BUTTONS_2.png; sourceTree = "<group>"; };
		5556AC7A2742BC17006A0682 /* AlertTutorialViewController.swift */ = {isa = PBXFileReference; lastKnownFileType = sourcecode.swift; path = AlertTutorialViewController.swift; sourceTree = "<group>"; };
		5556AC7B2742BC17006A0682 /* AlertTutorialViewController.xib */ = {isa = PBXFileReference; lastKnownFileType = file.xib; path = AlertTutorialViewController.xib; sourceTree = "<group>"; };
/* End PBXFileReference section */

/* Begin PBXFrameworksBuildPhase section */
		5556AC4727427769006A0682 /* Frameworks */ = {
			isa = PBXFrameworksBuildPhase;
			buildActionMask = 2147483647;
			files = (
			);
			runOnlyForDeploymentPostprocessing = 0;
		};
/* End PBXFrameworksBuildPhase section */

/* Begin PBXGroup section */
		5556AC4127427769006A0682 = {
			isa = PBXGroup;
			children = (
				5556AC4C27427769006A0682 /* Qamtara */,
				5556AC4B27427769006A0682 /* Products */,
			);
			sourceTree = "<group>";
		};
		5556AC4B27427769006A0682 /* Products */ = {
			isa = PBXGroup;
			children = (
				5556AC4A27427769006A0682 /* Qamtara.app */,
			);
			name = Products;
			sourceTree = "<group>";
		};
		5556AC4C27427769006A0682 /* Qamtara */ = {
			isa = PBXGroup;
			children = (
				5556AC72274288CB006A0682 /* Fonts */,
				5556AC6F27428166006A0682 /* Utils+Helpers */,
				5556AC6A27427ADD006A0682 /* Core */,
				5556AC612742790B006A0682 /* Modules */,
				5556AC4D27427769006A0682 /* AppDelegate.swift */,
				5556AC562742776B006A0682 /* Assets.xcassets */,
				5556AC772742915E006A0682 /* HUD_BUTTONS_2.png */,
				5556AC5B2742776B006A0682 /* Info.plist */,
			);
			path = Qamtara;
			sourceTree = "<group>";
		};
		5556AC612742790B006A0682 /* Modules */ = {
			isa = PBXGroup;
			children = (
				5556AC6227427918006A0682 /* Sections */,
			);
			path = Modules;
			sourceTree = "<group>";
		};
		5556AC6227427918006A0682 /* Sections */ = {
			isa = PBXGroup;
			children = (
				5556AC792742BBD3006A0682 /* Alerts */,
				5556AC632742793D006A0682 /* StartScreen */,
			);
			path = Sections;
			sourceTree = "<group>";
		};
		5556AC632742793D006A0682 /* StartScreen */ = {
			isa = PBXGroup;
			children = (
				5556AC6427427968006A0682 /* StartScreenViewController.swift */,
				5556AC6527427968006A0682 /* StartScreenViewController.xib */,
				5556AC682742799E006A0682 /* StartScreenCoordinator.swift */,
			);
			path = StartScreen;
			sourceTree = "<group>";
		};
		5556AC6A27427ADD006A0682 /* Core */ = {
			isa = PBXGroup;
			children = (
				5556AC6B27427AED006A0682 /* AppCoreCoordinator.swift */,
			);
			path = Core;
			sourceTree = "<group>";
		};
		5556AC6F27428166006A0682 /* Utils+Helpers */ = {
			isa = PBXGroup;
			children = (
				5556AC702742817C006A0682 /* Utils.swift */,
			);
			path = "Utils+Helpers";
			sourceTree = "<group>";
		};
		5556AC72274288CB006A0682 /* Fonts */ = {
			isa = PBXGroup;
			children = (
				5556AC742742892C006A0682 /* alagard.ttf */,
				5556AC732742892C006A0682 /* romulus.ttf */,
			);
			path = Fonts;
			sourceTree = "<group>";
		};
		5556AC792742BBD3006A0682 /* Alerts */ = {
			isa = PBXGroup;
			children = (
				5556AC7A2742BC17006A0682 /* AlertTutorialViewController.swift */,
				5556AC7B2742BC17006A0682 /* AlertTutorialViewController.xib */,
			);
			path = Alerts;
			sourceTree = "<group>";
		};
/* End PBXGroup section */

/* Begin PBXNativeTarget section */
		5556AC4927427769006A0682 /* Qamtara */ = {
			isa = PBXNativeTarget;
			buildConfigurationList = 5556AC5E2742776B006A0682 /* Build configuration list for PBXNativeTarget "Qamtara" */;
			buildPhases = (
				5556AC4627427769006A0682 /* Sources */,
				5556AC4727427769006A0682 /* Frameworks */,
				5556AC4827427769006A0682 /* Resources */,
			);
			buildRules = (
			);
			dependencies = (
			);
			name = Qamtara;
			productName = Qamtara;
			productReference = 5556AC4A27427769006A0682 /* Qamtara.app */;
			productType = "com.apple.product-type.application";
		};
/* End PBXNativeTarget section */

/* Begin PBXProject section */
		5556AC4227427769006A0682 /* Project object */ = {
			isa = PBXProject;
			attributes = {
				BuildIndependentTargetsInParallel = 1;
				LastSwiftUpdateCheck = 1310;
				LastUpgradeCheck = 1310;
				TargetAttributes = {
					5556AC4927427769006A0682 = {
						CreatedOnToolsVersion = 13.1;
					};
				};
			};
			buildConfigurationList = 5556AC4527427769006A0682 /* Build configuration list for PBXProject "Qamtara" */;
			compatibilityVersion = "Xcode 13.0";
			developmentRegion = en;
			hasScannedForEncodings = 0;
			knownRegions = (
				en,
				Base,
			);
			mainGroup = 5556AC4127427769006A0682;
			productRefGroup = 5556AC4B27427769006A0682 /* Products */;
			projectDirPath = "";
			projectRoot = "";
			targets = (
				5556AC4927427769006A0682 /* Qamtara */,
			);
		};
/* End PBXProject section */

/* Begin PBXResourcesBuildPhase section */
		5556AC4827427769006A0682 /* Resources */ = {
			isa = PBXResourcesBuildPhase;
			buildActionMask = 2147483647;
			files = (
				5556AC572742776B006A0682 /* Assets.xcassets in Resources */,
				5556AC782742915E006A0682 /* HUD_BUTTONS_2.png in Resources */,
				5556AC752742892C006A0682 /* romulus.ttf in Resources */,
				5556AC6727427968006A0682 /* StartScreenViewController.xib in Resources */,
				5556AC762742892C006A0682 /* alagard.ttf in Resources */,
				5556AC7D2742BC17006A0682 /* AlertTutorialViewController.xib in Resources */,
			);
			runOnlyForDeploymentPostprocessing = 0;
		};
/* End PBXResourcesBuildPhase section */

/* Begin PBXSourcesBuildPhase section */
		5556AC4627427769006A0682 /* Sources */ = {
			isa = PBXSourcesBuildPhase;
			buildActionMask = 2147483647;
			files = (
				5556AC712742817C006A0682 /* Utils.swift in Sources */,
				5556AC4E27427769006A0682 /* AppDelegate.swift in Sources */,
				5556AC6C27427AED006A0682 /* AppCoreCoordinator.swift in Sources */,
				5556AC692742799E006A0682 /* StartScreenCoordinator.swift in Sources */,
				5556AC6627427968006A0682 /* StartScreenViewController.swift in Sources */,
				5556AC7C2742BC17006A0682 /* AlertTutorialViewController.swift in Sources */,
			);
			runOnlyForDeploymentPostprocessing = 0;
		};
/* End PBXSourcesBuildPhase section */

/* Begin XCBuildConfiguration section */
		5556AC5C2742776B006A0682 /* Debug */ = {
			isa = XCBuildConfiguration;
			buildSettings = {
				ALWAYS_SEARCH_USER_PATHS = NO;
				CLANG_ANALYZER_NONNULL = YES;
				CLANG_ANALYZER_NUMBER_OBJECT_CONVERSION = YES_AGGRESSIVE;
				CLANG_CXX_LANGUAGE_STANDARD = "gnu++17";
				CLANG_CXX_LIBRARY = "libc++";
				CLANG_ENABLE_MODULES = YES;
				CLANG_ENABLE_OBJC_ARC = YES;
				CLANG_ENABLE_OBJC_WEAK = YES;
				CLANG_WARN_BLOCK_CAPTURE_AUTORELEASING = YES;
				CLANG_WARN_BOOL_CONVERSION = YES;
				CLANG_WARN_COMMA = YES;
				CLANG_WARN_CONSTANT_CONVERSION = YES;
				CLANG_WARN_DEPRECATED_OBJC_IMPLEMENTATIONS = YES;
				CLANG_WARN_DIRECT_OBJC_ISA_USAGE = YES_ERROR;
				CLANG_WARN_DOCUMENTATION_COMMENTS = YES;
				CLANG_WARN_EMPTY_BODY = YES;
				CLANG_WARN_ENUM_CONVERSION = YES;
				CLANG_WARN_INFINITE_RECURSION = YES;
				CLANG_WARN_INT_CONVERSION = YES;
				CLANG_WARN_NON_LITERAL_NULL_CONVERSION = YES;
				CLANG_WARN_OBJC_IMPLICIT_RETAIN_SELF = YES;
				CLANG_WARN_OBJC_LITERAL_CONVERSION = YES;
				CLANG_WARN_OBJC_ROOT_CLASS = YES_ERROR;
				CLANG_WARN_QUOTED_INCLUDE_IN_FRAMEWORK_HEADER = YES;
				CLANG_WARN_RANGE_LOOP_ANALYSIS = YES;
				CLANG_WARN_STRICT_PROTOTYPES = YES;
				CLANG_WARN_SUSPICIOUS_MOVE = YES;
				CLANG_WARN_UNGUARDED_AVAILABILITY = YES_AGGRESSIVE;
				CLANG_WARN_UNREACHABLE_CODE = YES;
				CLANG_WARN__DUPLICATE_METHOD_MATCH = YES;
				COPY_PHASE_STRIP = NO;
				DEBUG_INFORMATION_FORMAT = dwarf;
				ENABLE_STRICT_OBJC_MSGSEND = YES;
				ENABLE_TESTABILITY = YES;
				GCC_C_LANGUAGE_STANDARD = gnu11;
				GCC_DYNAMIC_NO_PIC = NO;
				GCC_NO_COMMON_BLOCKS = YES;
				GCC_OPTIMIZATION_LEVEL = 0;
				GCC_PREPROCESSOR_DEFINITIONS = (
					"DEBUG=1",
					"$(inherited)",
				);
				GCC_WARN_64_TO_32_BIT_CONVERSION = YES;
				GCC_WARN_ABOUT_RETURN_TYPE = YES_ERROR;
				GCC_WARN_UNDECLARED_SELECTOR = YES;
				GCC_WARN_UNINITIALIZED_AUTOS = YES_AGGRESSIVE;
				GCC_WARN_UNUSED_FUNCTION = YES;
				GCC_WARN_UNUSED_VARIABLE = YES;
				IPHONEOS_DEPLOYMENT_TARGET = 15.0;
				MTL_ENABLE_DEBUG_INFO = INCLUDE_SOURCE;
				MTL_FAST_MATH = YES;
				ONLY_ACTIVE_ARCH = YES;
				SDKROOT = iphoneos;
				SWIFT_ACTIVE_COMPILATION_CONDITIONS = DEBUG;
				SWIFT_OPTIMIZATION_LEVEL = "-Onone";
			};
			name = Debug;
		};
		5556AC5D2742776B006A0682 /* Release */ = {
			isa = XCBuildConfiguration;
			buildSettings = {
				ALWAYS_SEARCH_USER_PATHS = NO;
				CLANG_ANALYZER_NONNULL = YES;
				CLANG_ANALYZER_NUMBER_OBJECT_CONVERSION = YES_AGGRESSIVE;
				CLANG_CXX_LANGUAGE_STANDARD = "gnu++17";
				CLANG_CXX_LIBRARY = "libc++";
				CLANG_ENABLE_MODULES = YES;
				CLANG_ENABLE_OBJC_ARC = YES;
				CLANG_ENABLE_OBJC_WEAK = YES;
				CLANG_WARN_BLOCK_CAPTURE_AUTORELEASING = YES;
				CLANG_WARN_BOOL_CONVERSION = YES;
				CLANG_WARN_COMMA = YES;
				CLANG_WARN_CONSTANT_CONVERSION = YES;
				CLANG_WARN_DEPRECATED_OBJC_IMPLEMENTATIONS = YES;
				CLANG_WARN_DIRECT_OBJC_ISA_USAGE = YES_ERROR;
				CLANG_WARN_DOCUMENTATION_COMMENTS = YES;
				CLANG_WARN_EMPTY_BODY = YES;
				CLANG_WARN_ENUM_CONVERSION = YES;
				CLANG_WARN_INFINITE_RECURSION = YES;
				CLANG_WARN_INT_CONVERSION = YES;
				CLANG_WARN_NON_LITERAL_NULL_CONVERSION = YES;
				CLANG_WARN_OBJC_IMPLICIT_RETAIN_SELF = YES;
				CLANG_WARN_OBJC_LITERAL_CONVERSION = YES;
				CLANG_WARN_OBJC_ROOT_CLASS = YES_ERROR;
				CLANG_WARN_QUOTED_INCLUDE_IN_FRAMEWORK_HEADER = YES;
				CLANG_WARN_RANGE_LOOP_ANALYSIS = YES;
				CLANG_WARN_STRICT_PROTOTYPES = YES;
				CLANG_WARN_SUSPICIOUS_MOVE = YES;
				CLANG_WARN_UNGUARDED_AVAILABILITY = YES_AGGRESSIVE;
				CLANG_WARN_UNREACHABLE_CODE = YES;
				CLANG_WARN__DUPLICATE_METHOD_MATCH = YES;
				COPY_PHASE_STRIP = NO;
				DEBUG_INFORMATION_FORMAT = "dwarf-with-dsym";
				ENABLE_NS_ASSERTIONS = NO;
				ENABLE_STRICT_OBJC_MSGSEND = YES;
				GCC_C_LANGUAGE_STANDARD = gnu11;
				GCC_NO_COMMON_BLOCKS = YES;
				GCC_WARN_64_TO_32_BIT_CONVERSION = YES;
				GCC_WARN_ABOUT_RETURN_TYPE = YES_ERROR;
				GCC_WARN_UNDECLARED_SELECTOR = YES;
				GCC_WARN_UNINITIALIZED_AUTOS = YES_AGGRESSIVE;
				GCC_WARN_UNUSED_FUNCTION = YES;
				GCC_WARN_UNUSED_VARIABLE = YES;
				IPHONEOS_DEPLOYMENT_TARGET = 15.0;
				MTL_ENABLE_DEBUG_INFO = NO;
				MTL_FAST_MATH = YES;
				SDKROOT = iphoneos;
				SWIFT_COMPILATION_MODE = wholemodule;
				SWIFT_OPTIMIZATION_LEVEL = "-O";
				VALIDATE_PRODUCT = YES;
			};
			name = Release;
		};
		5556AC5F2742776B006A0682 /* Debug */ = {
			isa = XCBuildConfiguration;
			buildSettings = {
				ASSETCATALOG_COMPILER_APPICON_NAME = AppIcon;
				ASSETCATALOG_COMPILER_GLOBAL_ACCENT_COLOR_NAME = AccentColor;
				CODE_SIGN_STYLE = Automatic;
				CURRENT_PROJECT_VERSION = 1;
				DEVELOPMENT_TEAM = MF8HD2PMU9;
				GENERATE_INFOPLIST_FILE = YES;
				INFOPLIST_FILE = Qamtara/Info.plist;
				INFOPLIST_KEY_UIApplicationSupportsIndirectInputEvents = YES;
				INFOPLIST_KEY_UILaunchStoryboardName = LaunchScreen;
				INFOPLIST_KEY_UISupportedInterfaceOrientations = UIInterfaceOrientationLandscapeRight;
				INFOPLIST_KEY_UISupportedInterfaceOrientations_iPad = "UIInterfaceOrientationPortrait UIInterfaceOrientationPortraitUpsideDown UIInterfaceOrientationLandscapeLeft UIInterfaceOrientationLandscapeRight";
				INFOPLIST_KEY_UISupportedInterfaceOrientations_iPhone = "UIInterfaceOrientationPortrait UIInterfaceOrientationLandscapeLeft UIInterfaceOrientationLandscapeRight";
				LD_RUNPATH_SEARCH_PATHS = (
					"$(inherited)",
					"@executable_path/Frameworks",
				);
				MARKETING_VERSION = 1.0;
				PRODUCT_BUNDLE_IDENTIFIER = com.GiberGames.iOS.Qamtara;
				PRODUCT_NAME = "$(TARGET_NAME)";
				SWIFT_EMIT_LOC_STRINGS = YES;
				SWIFT_VERSION = 5.0;
				TARGETED_DEVICE_FAMILY = "1,2";
			};
			name = Debug;
		};
		5556AC602742776B006A0682 /* Release */ = {
			isa = XCBuildConfiguration;
			buildSettings = {
				ASSETCATALOG_COMPILER_APPICON_NAME = AppIcon;
				ASSETCATALOG_COMPILER_GLOBAL_ACCENT_COLOR_NAME = AccentColor;
				CODE_SIGN_STYLE = Automatic;
				CURRENT_PROJECT_VERSION = 1;
				DEVELOPMENT_TEAM = MF8HD2PMU9;
				GENERATE_INFOPLIST_FILE = YES;
				INFOPLIST_FILE = Qamtara/Info.plist;
				INFOPLIST_KEY_UIApplicationSupportsIndirectInputEvents = YES;
				INFOPLIST_KEY_UILaunchStoryboardName = LaunchScreen;
				INFOPLIST_KEY_UISupportedInterfaceOrientations = UIInterfaceOrientationLandscapeRight;
				INFOPLIST_KEY_UISupportedInterfaceOrientations_iPad = "UIInterfaceOrientationPortrait UIInterfaceOrientationPortraitUpsideDown UIInterfaceOrientationLandscapeLeft UIInterfaceOrientationLandscapeRight";
				INFOPLIST_KEY_UISupportedInterfaceOrientations_iPhone = "UIInterfaceOrientationPortrait UIInterfaceOrientationLandscapeLeft UIInterfaceOrientationLandscapeRight";
				LD_RUNPATH_SEARCH_PATHS = (
					"$(inherited)",
					"@executable_path/Frameworks",
				);
				MARKETING_VERSION = 1.0;
				PRODUCT_BUNDLE_IDENTIFIER = com.GiberGames.iOS.Qamtara;
				PRODUCT_NAME = "$(TARGET_NAME)";
				SWIFT_EMIT_LOC_STRINGS = YES;
				SWIFT_VERSION = 5.0;
				TARGETED_DEVICE_FAMILY = "1,2";
			};
			name = Release;
		};
/* End XCBuildConfiguration section */

/* Begin XCConfigurationList section */
		5556AC4527427769006A0682 /* Build configuration list for PBXProject "Qamtara" */ = {
			isa = XCConfigurationList;
			buildConfigurations = (
				5556AC5C2742776B006A0682 /* Debug */,
				5556AC5D2742776B006A0682 /* Release */,
			);
			defaultConfigurationIsVisible = 0;
			defaultConfigurationName = Release;
		};
		5556AC5E2742776B006A0682 /* Build configuration list for PBXNativeTarget "Qamtara" */ = {
			isa = XCConfigurationList;
			buildConfigurations = (
				5556AC5F2742776B006A0682 /* Debug */,
				5556AC602742776B006A0682 /* Release */,
			);
			defaultConfigurationIsVisible = 0;
			defaultConfigurationName = Release;
		};
/* End XCConfigurationList section */
	};
	rootObject = 5556AC4227427769006A0682 /* Project object */;
}
