// !$*UTF8*$!
{
	archiveVersion = 1;
	classes = {
	};
	objectVersion = 50;
	objects = {

/* Begin PBXBuildFile section */
		55F9A33E26F4DF880004A056 /* AppDelegate.swift in Sources */ = {isa = PBXBuildFile; fileRef = 55F9A33D26F4DF880004A056 /* AppDelegate.swift */; };
		55F9A34026F4DF880004A056 /* SceneDelegate.swift in Sources */ = {isa = PBXBuildFile; fileRef = 55F9A33F26F4DF880004A056 /* SceneDelegate.swift */; };
		55F9A34226F4DF880004A056 /* ViewController.swift in Sources */ = {isa = PBXBuildFile; fileRef = 55F9A34126F4DF880004A056 /* ViewController.swift */; };
		55F9A34526F4DF880004A056 /* Main.storyboard in Resources */ = {isa = PBXBuildFile; fileRef = 55F9A34326F4DF880004A056 /* Main.storyboard */; };
		55F9A34726F4DF890004A056 /* Assets.xcassets in Resources */ = {isa = PBXBuildFile; fileRef = 55F9A34626F4DF890004A056 /* Assets.xcassets */; };
		55F9A34A26F4DF890004A056 /* LaunchScreen.storyboard in Resources */ = {isa = PBXBuildFile; fileRef = 55F9A34826F4DF890004A056 /* LaunchScreen.storyboard */; };
/* End PBXBuildFile section */

/* Begin PBXFileReference section */
		55F9A33A26F4DF880004A056 /* AppDataPicker_PickerView.app */ = {isa = PBXFileReference; explicitFileType = wrapper.application; includeInIndex = 0; path = AppDataPicker_PickerView.app; sourceTree = BUILT_PRODUCTS_DIR; };
		55F9A33D26F4DF880004A056 /* AppDelegate.swift */ = {isa = PBXFileReference; lastKnownFileType = sourcecode.swift; path = AppDelegate.swift; sourceTree = "<group>"; };
		55F9A33F26F4DF880004A056 /* SceneDelegate.swift */ = {isa = PBXFileReference; lastKnownFileType = sourcecode.swift; path = SceneDelegate.swift; sourceTree = "<group>"; };
		55F9A34126F4DF880004A056 /* ViewController.swift */ = {isa = PBXFileReference; lastKnownFileType = sourcecode.swift; path = ViewController.swift; sourceTree = "<group>"; };
		55F9A34426F4DF880004A056 /* Base */ = {isa = PBXFileReference; lastKnownFileType = file.storyboard; name = Base; path = Base.lproj/Main.storyboard; sourceTree = "<group>"; };
		55F9A34626F4DF890004A056 /* Assets.xcassets */ = {isa = PBXFileReference; lastKnownFileType = folder.assetcatalog; path = Assets.xcassets; sourceTree = "<group>"; };
		55F9A34926F4DF890004A056 /* Base */ = {isa = PBXFileReference; lastKnownFileType = file.storyboard; name = Base; path = Base.lproj/LaunchScreen.storyboard; sourceTree = "<group>"; };
		55F9A34B26F4DF890004A056 /* Info.plist */ = {isa = PBXFileReference; lastKnownFileType = text.plist.xml; path = Info.plist; sourceTree = "<group>"; };
/* End PBXFileReference section */

/* Begin PBXFrameworksBuildPhase section */
		55F9A33726F4DF880004A056 /* Frameworks */ = {
			isa = PBXFrameworksBuildPhase;
			buildActionMask = 2147483647;
			files = (
			);
			runOnlyForDeploymentPostprocessing = 0;
		};
/* End PBXFrameworksBuildPhase section */

/* Begin PBXGroup section */
		55F9A33126F4DF880004A056 = {
			isa = PBXGroup;
			children = (
				55F9A33C26F4DF880004A056 /* AppDataPicker_PickerView */,
				55F9A33B26F4DF880004A056 /* Products */,
			);
			sourceTree = "<group>";
		};
		55F9A33B26F4DF880004A056 /* Products */ = {
			isa = PBXGroup;
			children = (
				55F9A33A26F4DF880004A056 /* AppDataPicker_PickerView.app */,
			);
			name = Products;
			sourceTree = "<group>";
		};
		55F9A33C26F4DF880004A056 /* AppDataPicker_PickerView */ = {
			isa = PBXGroup;
			children = (
				55F9A35326F4E05D0004A056 /* Storyboard */,
				55F9A35226F4E04E0004A056 /* Modules */,
				55F9A35126F4E03B0004A056 /* Core */,
				55F9A34626F4DF890004A056 /* Assets.xcassets */,
				55F9A34826F4DF890004A056 /* LaunchScreen.storyboard */,
				55F9A34B26F4DF890004A056 /* Info.plist */,
			);
			path = AppDataPicker_PickerView;
			sourceTree = "<group>";
		};
		55F9A35126F4E03B0004A056 /* Core */ = {
			isa = PBXGroup;
			children = (
				55F9A33F26F4DF880004A056 /* SceneDelegate.swift */,
				55F9A33D26F4DF880004A056 /* AppDelegate.swift */,
			);
			path = Core;
			sourceTree = "<group>";
		};
		55F9A35226F4E04E0004A056 /* Modules */ = {
			isa = PBXGroup;
			children = (
				55F9A34126F4DF880004A056 /* ViewController.swift */,
			);
			path = Modules;
			sourceTree = "<group>";
		};
		55F9A35326F4E05D0004A056 /* Storyboard */ = {
			isa = PBXGroup;
			children = (
				55F9A34326F4DF880004A056 /* Main.storyboard */,
			);
			path = Storyboard;
			sourceTree = "<group>";
		};
/* End PBXGroup section */

/* Begin PBXNativeTarget section */
		55F9A33926F4DF880004A056 /* AppDataPicker_PickerView */ = {
			isa = PBXNativeTarget;
			buildConfigurationList = 55F9A34E26F4DF890004A056 /* Build configuration list for PBXNativeTarget "AppDataPicker_PickerView" */;
			buildPhases = (
				55F9A33626F4DF880004A056 /* Sources */,
				55F9A33726F4DF880004A056 /* Frameworks */,
				55F9A33826F4DF880004A056 /* Resources */,
			);
			buildRules = (
			);
			dependencies = (
			);
			name = AppDataPicker_PickerView;
			productName = AppDataPicker_PickerView;
			productReference = 55F9A33A26F4DF880004A056 /* AppDataPicker_PickerView.app */;
			productType = "com.apple.product-type.application";
		};
/* End PBXNativeTarget section */

/* Begin PBXProject section */
		55F9A33226F4DF880004A056 /* Project object */ = {
			isa = PBXProject;
			attributes = {
				LastSwiftUpdateCheck = 1250;
				LastUpgradeCheck = 1250;
				TargetAttributes = {
					55F9A33926F4DF880004A056 = {
						CreatedOnToolsVersion = 12.5.1;
					};
				};
			};
			buildConfigurationList = 55F9A33526F4DF880004A056 /* Build configuration list for PBXProject "AppDataPicker_PickerView" */;
			compatibilityVersion = "Xcode 9.3";
			developmentRegion = en;
			hasScannedForEncodings = 0;
			knownRegions = (
				en,
				Base,
			);
			mainGroup = 55F9A33126F4DF880004A056;
			productRefGroup = 55F9A33B26F4DF880004A056 /* Products */;
			projectDirPath = "";
			projectRoot = "";
			targets = (
				55F9A33926F4DF880004A056 /* AppDataPicker_PickerView */,
			);
		};
/* End PBXProject section */

/* Begin PBXResourcesBuildPhase section */
		55F9A33826F4DF880004A056 /* Resources */ = {
			isa = PBXResourcesBuildPhase;
			buildActionMask = 2147483647;
			files = (
				55F9A34A26F4DF890004A056 /* LaunchScreen.storyboard in Resources */,
				55F9A34726F4DF890004A056 /* Assets.xcassets in Resources */,
				55F9A34526F4DF880004A056 /* Main.storyboard in Resources */,
			);
			runOnlyForDeploymentPostprocessing = 0;
		};
/* End PBXResourcesBuildPhase section */

/* Begin PBXSourcesBuildPhase section */
		55F9A33626F4DF880004A056 /* Sources */ = {
			isa = PBXSourcesBuildPhase;
			buildActionMask = 2147483647;
			files = (
				55F9A34226F4DF880004A056 /* ViewController.swift in Sources */,
				55F9A33E26F4DF880004A056 /* AppDelegate.swift in Sources */,
				55F9A34026F4DF880004A056 /* SceneDelegate.swift in Sources */,
			);
			runOnlyForDeploymentPostprocessing = 0;
		};
/* End PBXSourcesBuildPhase section */

/* Begin PBXVariantGroup section */
		55F9A34326F4DF880004A056 /* Main.storyboard */ = {
			isa = PBXVariantGroup;
			children = (
				55F9A34426F4DF880004A056 /* Base */,
			);
			name = Main.storyboard;
			sourceTree = "<group>";
		};
		55F9A34826F4DF890004A056 /* LaunchScreen.storyboard */ = {
			isa = PBXVariantGroup;
			children = (
				55F9A34926F4DF890004A056 /* Base */,
			);
			name = LaunchScreen.storyboard;
			sourceTree = "<group>";
		};
/* End PBXVariantGroup section */

/* Begin XCBuildConfiguration section */
		55F9A34C26F4DF890004A056 /* Debug */ = {
			isa = XCBuildConfiguration;
			buildSettings = {
				ALWAYS_SEARCH_USER_PATHS = NO;
				CLANG_ANALYZER_NONNULL = YES;
				CLANG_ANALYZER_NUMBER_OBJECT_CONVERSION = YES_AGGRESSIVE;
				CLANG_CXX_LANGUAGE_STANDARD = "gnu++14";
				CLANG_CXX_LIBRARY = "libc++";
				CLANG_ENABLE_MODULES = YES;
				CLANG_ENABLE_OBJC_ARC = YES;
				CLANG_ENABLE_OBJC_WEAK = YES;
				CLANG_WARN_BLOCK_CAPTURE_AUTORELEASING = YES;
				CLANG_WARN_BOOL_CONVERSION = YES;
				CLANG_WARN_COMMA = YES;
				CLANG_WARN_CONSTANT_CONVERSION = YES;
				CLANG_WARN_DEPRECATED_OBJC_IMPLEMENTATIONS = YES;
				CLANG_WARN_DIRECT_OBJC_ISA_USAGE = YES_ERROR;
				CLANG_WARN_DOCUMENTATION_COMMENTS = YES;
				CLANG_WARN_EMPTY_BODY = YES;
				CLANG_WARN_ENUM_CONVERSION = YES;
				CLANG_WARN_INFINITE_RECURSION = YES;
				CLANG_WARN_INT_CONVERSION = YES;
				CLANG_WARN_NON_LITERAL_NULL_CONVERSION = YES;
				CLANG_WARN_OBJC_IMPLICIT_RETAIN_SELF = YES;
				CLANG_WARN_OBJC_LITERAL_CONVERSION = YES;
				CLANG_WARN_OBJC_ROOT_CLASS = YES_ERROR;
				CLANG_WARN_QUOTED_INCLUDE_IN_FRAMEWORK_HEADER = YES;
				CLANG_WARN_RANGE_LOOP_ANALYSIS = YES;
				CLANG_WARN_STRICT_PROTOTYPES = YES;
				CLANG_WARN_SUSPICIOUS_MOVE = YES;
				CLANG_WARN_UNGUARDED_AVAILABILITY = YES_AGGRESSIVE;
				CLANG_WARN_UNREACHABLE_CODE = YES;
				CLANG_WARN__DUPLICATE_METHOD_MATCH = YES;
				COPY_PHASE_STRIP = NO;
				DEBUG_INFORMATION_FORMAT = dwarf;
				ENABLE_STRICT_OBJC_MSGSEND = YES;
				ENABLE_TESTABILITY = YES;
				GCC_C_LANGUAGE_STANDARD = gnu11;
				GCC_DYNAMIC_NO_PIC = NO;
				GCC_NO_COMMON_BLOCKS = YES;
				GCC_OPTIMIZATION_LEVEL = 0;
				GCC_PREPROCESSOR_DEFINITIONS = (
					"DEBUG=1",
					"$(inherited)",
				);
				GCC_WARN_64_TO_32_BIT_CONVERSION = YES;
				GCC_WARN_ABOUT_RETURN_TYPE = YES_ERROR;
				GCC_WARN_UNDECLARED_SELECTOR = YES;
				GCC_WARN_UNINITIALIZED_AUTOS = YES_AGGRESSIVE;
				GCC_WARN_UNUSED_FUNCTION = YES;
				GCC_WARN_UNUSED_VARIABLE = YES;
				IPHONEOS_DEPLOYMENT_TARGET = 14.5;
				MTL_ENABLE_DEBUG_INFO = INCLUDE_SOURCE;
				MTL_FAST_MATH = YES;
				ONLY_ACTIVE_ARCH = YES;
				SDKROOT = iphoneos;
				SWIFT_ACTIVE_COMPILATION_CONDITIONS = DEBUG;
				SWIFT_OPTIMIZATION_LEVEL = "-Onone";
			};
			name = Debug;
		};
		55F9A34D26F4DF890004A056 /* Release */ = {
			isa = XCBuildConfiguration;
			buildSettings = {
				ALWAYS_SEARCH_USER_PATHS = NO;
				CLANG_ANALYZER_NONNULL = YES;
				CLANG_ANALYZER_NUMBER_OBJECT_CONVERSION = YES_AGGRESSIVE;
				CLANG_CXX_LANGUAGE_STANDARD = "gnu++14";
				CLANG_CXX_LIBRARY = "libc++";
				CLANG_ENABLE_MODULES = YES;
				CLANG_ENABLE_OBJC_ARC = YES;
				CLANG_ENABLE_OBJC_WEAK = YES;
				CLANG_WARN_BLOCK_CAPTURE_AUTORELEASING = YES;
				CLANG_WARN_BOOL_CONVERSION = YES;
				CLANG_WARN_COMMA = YES;
				CLANG_WARN_CONSTANT_CONVERSION = YES;
				CLANG_WARN_DEPRECATED_OBJC_IMPLEMENTATIONS = YES;
				CLANG_WARN_DIRECT_OBJC_ISA_USAGE = YES_ERROR;
				CLANG_WARN_DOCUMENTATION_COMMENTS = YES;
				CLANG_WARN_EMPTY_BODY = YES;
				CLANG_WARN_ENUM_CONVERSION = YES;
				CLANG_WARN_INFINITE_RECURSION = YES;
				CLANG_WARN_INT_CONVERSION = YES;
				CLANG_WARN_NON_LITERAL_NULL_CONVERSION = YES;
				CLANG_WARN_OBJC_IMPLICIT_RETAIN_SELF = YES;
				CLANG_WARN_OBJC_LITERAL_CONVERSION = YES;
				CLANG_WARN_OBJC_ROOT_CLASS = YES_ERROR;
				CLANG_WARN_QUOTED_INCLUDE_IN_FRAMEWORK_HEADER = YES;
				CLANG_WARN_RANGE_LOOP_ANALYSIS = YES;
				CLANG_WARN_STRICT_PROTOTYPES = YES;
				CLANG_WARN_SUSPICIOUS_MOVE = YES;
				CLANG_WARN_UNGUARDED_AVAILABILITY = YES_AGGRESSIVE;
				CLANG_WARN_UNREACHABLE_CODE = YES;
				CLANG_WARN__DUPLICATE_METHOD_MATCH = YES;
				COPY_PHASE_STRIP = NO;
				DEBUG_INFORMATION_FORMAT = "dwarf-with-dsym";
				ENABLE_NS_ASSERTIONS = NO;
				ENABLE_STRICT_OBJC_MSGSEND = YES;
				GCC_C_LANGUAGE_STANDARD = gnu11;
				GCC_NO_COMMON_BLOCKS = YES;
				GCC_WARN_64_TO_32_BIT_CONVERSION = YES;
				GCC_WARN_ABOUT_RETURN_TYPE = YES_ERROR;
				GCC_WARN_UNDECLARED_SELECTOR = YES;
				GCC_WARN_UNINITIALIZED_AUTOS = YES_AGGRESSIVE;
				GCC_WARN_UNUSED_FUNCTION = YES;
				GCC_WARN_UNUSED_VARIABLE = YES;
				IPHONEOS_DEPLOYMENT_TARGET = 14.5;
				MTL_ENABLE_DEBUG_INFO = NO;
				MTL_FAST_MATH = YES;
				SDKROOT = iphoneos;
				SWIFT_COMPILATION_MODE = wholemodule;
				SWIFT_OPTIMIZATION_LEVEL = "-O";
				VALIDATE_PRODUCT = YES;
			};
			name = Release;
		};
		55F9A34F26F4DF890004A056 /* Debug */ = {
			isa = XCBuildConfiguration;
			buildSettings = {
				ASSETCATALOG_COMPILER_APPICON_NAME = AppIcon;
				ASSETCATALOG_COMPILER_GLOBAL_ACCENT_COLOR_NAME = AccentColor;
				CODE_SIGN_STYLE = Automatic;
				DEVELOPMENT_TEAM = MF8HD2PMU9;
				INFOPLIST_FILE = AppDataPicker_PickerView/Info.plist;
				LD_RUNPATH_SEARCH_PATHS = (
					"$(inherited)",
					"@executable_path/Frameworks",
				);
				PRODUCT_BUNDLE_IDENTIFIER = "com.CICE.Tech.iOS.AppDataPicker-PickerView";
				PRODUCT_NAME = "$(TARGET_NAME)";
				SWIFT_VERSION = 5.0;
				TARGETED_DEVICE_FAMILY = 1;
			};
			name = Debug;
		};
		55F9A35026F4DF890004A056 /* Release */ = {
			isa = XCBuildConfiguration;
			buildSettings = {
				ASSETCATALOG_COMPILER_APPICON_NAME = AppIcon;
				ASSETCATALOG_COMPILER_GLOBAL_ACCENT_COLOR_NAME = AccentColor;
				CODE_SIGN_STYLE = Automatic;
				DEVELOPMENT_TEAM = MF8HD2PMU9;
				INFOPLIST_FILE = AppDataPicker_PickerView/Info.plist;
				LD_RUNPATH_SEARCH_PATHS = (
					"$(inherited)",
					"@executable_path/Frameworks",
				);
				PRODUCT_BUNDLE_IDENTIFIER = "com.CICE.Tech.iOS.AppDataPicker-PickerView";
				PRODUCT_NAME = "$(TARGET_NAME)";
				SWIFT_VERSION = 5.0;
				TARGETED_DEVICE_FAMILY = 1;
			};
			name = Release;
		};
/* End XCBuildConfiguration section */

/* Begin XCConfigurationList section */
		55F9A33526F4DF880004A056 /* Build configuration list for PBXProject "AppDataPicker_PickerView" */ = {
			isa = XCConfigurationList;
			buildConfigurations = (
				55F9A34C26F4DF890004A056 /* Debug */,
				55F9A34D26F4DF890004A056 /* Release */,
			);
			defaultConfigurationIsVisible = 0;
			defaultConfigurationName = Release;
		};
		55F9A34E26F4DF890004A056 /* Build configuration list for PBXNativeTarget "AppDataPicker_PickerView" */ = {
			isa = XCConfigurationList;
			buildConfigurations = (
				55F9A34F26F4DF890004A056 /* Debug */,
				55F9A35026F4DF890004A056 /* Release */,
			);
			defaultConfigurationIsVisible = 0;
			defaultConfigurationName = Release;
		};
/* End XCConfigurationList section */
	};
	rootObject = 55F9A33226F4DF880004A056 /* Project object */;
}
